// !$*UTF8*$!
{
	archiveVersion = 1;
	classes = {
	};
	objectVersion = 46;
	objects = {

/* Begin PBXBuildFile section */
		810100FB12253DCB00076F33 /* LinkedDocumentIcon.png in Resources */ = {isa = PBXBuildFile; fileRef = 810100FA12253DCB00076F33 /* LinkedDocumentIcon.png */; };
		810105AB12259F2D00076F33 /* DocumentManaged.m in Sources */ = {isa = PBXBuildFile; fileRef = 810105AA12259F2D00076F33 /* DocumentManaged.m */; };
		810105AD12259F2E00076F33 /* ResolutionManaged.m in Sources */ = {isa = PBXBuildFile; fileRef = 810105AC12259F2D00076F33 /* ResolutionManaged.m */; };
		810105AF12259F2E00076F33 /* SignatureManaged.m in Sources */ = {isa = PBXBuildFile; fileRef = 810105AE12259F2E00076F33 /* SignatureManaged.m */; };
		810105B412259F3000076F33 /* _DocumentManaged.m in Sources */ = {isa = PBXBuildFile; fileRef = 810105B312259F2F00076F33 /* _DocumentManaged.m */; };
		810105B612259F3000076F33 /* _ResolutionManaged.m in Sources */ = {isa = PBXBuildFile; fileRef = 810105B512259F3000076F33 /* _ResolutionManaged.m */; };
		810105B812259F3000076F33 /* _SignatureManaged.m in Sources */ = {isa = PBXBuildFile; fileRef = 810105B712259F3000076F33 /* _SignatureManaged.m */; };
		8101FEBB12250BAC00076F33 /* DocumentInfoViewController.xib in Resources */ = {isa = PBXBuildFile; fileRef = 8101FEBA12250BAC00076F33 /* DocumentInfoViewController.xib */; };
		8101FEBE12250BCB00076F33 /* DocumentInfoViewController.m in Sources */ = {isa = PBXBuildFile; fileRef = 8101FEBD12250BCB00076F33 /* DocumentInfoViewController.m */; };
		8116FF8B121134E900DD537F /* UIKit.framework in Frameworks */ = {isa = PBXBuildFile; fileRef = 8116FF8A121134E900DD537F /* UIKit.framework */; };
		8116FF8D121134E900DD537F /* Foundation.framework in Frameworks */ = {isa = PBXBuildFile; fileRef = 8116FF8C121134E900DD537F /* Foundation.framework */; };
		8116FF8F121134E900DD537F /* CoreGraphics.framework in Frameworks */ = {isa = PBXBuildFile; fileRef = 8116FF8E121134E900DD537F /* CoreGraphics.framework */; };
		8116FF94121134E900DD537F /* InfoPlist.strings in Resources */ = {isa = PBXBuildFile; fileRef = 8116FF92121134E900DD537F /* InfoPlist.strings */; };
		8116FF96121134E900DD537F /* main.m in Sources */ = {isa = PBXBuildFile; fileRef = 8116FF95121134E900DD537F /* main.m */; };
		8116FF99121134E900DD537F /* AppDelegate.m in Sources */ = {isa = PBXBuildFile; fileRef = 8116FF98121134E900DD537F /* AppDelegate.m */; };
		8116FF9C121134E900DD537F /* MainWindow.xib in Resources */ = {isa = PBXBuildFile; fileRef = 8116FF9A121134E900DD537F /* MainWindow.xib */; };
		812AAC4512181F2000E3FBC8 /* DocumentViewController.xib in Resources */ = {isa = PBXBuildFile; fileRef = 812AAC4312181F2000E3FBC8 /* DocumentViewController.xib */; };
		812AADB11218312400E3FBC8 /* DocumentCellView.m in Sources */ = {isa = PBXBuildFile; fileRef = 812AADB01218312400E3FBC8 /* DocumentCellView.m */; };
		812AAE8C1218433500E3FBC8 /* Localizable.strings in Resources */ = {isa = PBXBuildFile; fileRef = 812AAE8A1218433500E3FBC8 /* Localizable.strings */; };
		8137EC3612142239006C1416 /* PLBlocks.framework in Frameworks */ = {isa = PBXBuildFile; fileRef = 8137EC3512142239006C1416 /* PLBlocks.framework */; };
		8137EC381214225E006C1416 /* PLBlocks.framework in CopyFiles */ = {isa = PBXBuildFile; fileRef = 8137EC3512142239006C1416 /* PLBlocks.framework */; };
		8137EC3C12142274006C1416 /* CFNetwork.framework in Frameworks */ = {isa = PBXBuildFile; fileRef = 8137EC3B12142274006C1416 /* CFNetwork.framework */; };
		8137EC3E1214228F006C1416 /* libz.1.2.3.dylib in Frameworks */ = {isa = PBXBuildFile; fileRef = 8137EC3D1214228F006C1416 /* libz.1.2.3.dylib */; };
		8137EC401214229D006C1416 /* SystemConfiguration.framework in Frameworks */ = {isa = PBXBuildFile; fileRef = 8137EC3F1214229D006C1416 /* SystemConfiguration.framework */; };
		8137EC42121422A6006C1416 /* MobileCoreServices.framework in Frameworks */ = {isa = PBXBuildFile; fileRef = 8137EC41121422A6006C1416 /* MobileCoreServices.framework */; };
		81399954121D3EF3009B0912 /* MasterViewController.m in Sources */ = {isa = PBXBuildFile; fileRef = 81399953121D3EF3009B0912 /* MasterViewController.m */; };
		814AE04E1211D55300457254 /* DocumentViewController.m in Sources */ = {isa = PBXBuildFile; fileRef = 814AE04D1211D55300457254 /* DocumentViewController.m */; };
		81530990122440E4002245B3 /* AttachmentsViewController.xib in Resources */ = {isa = PBXBuildFile; fileRef = 8153098F122440E4002245B3 /* AttachmentsViewController.xib */; };
		81530B58122454F9002245B3 /* ButtonErase.png in Resources */ = {isa = PBXBuildFile; fileRef = 81530B56122454F9002245B3 /* ButtonErase.png */; };
		81530B59122454F9002245B3 /* ButtonPen.png in Resources */ = {isa = PBXBuildFile; fileRef = 81530B57122454F9002245B3 /* ButtonPen.png */; };
		81530B61122456CA002245B3 /* ButtonComment.png in Resources */ = {isa = PBXBuildFile; fileRef = 81530B60122456CA002245B3 /* ButtonComment.png */; };
		81530B641224571D002245B3 /* ButtonRotateCCV.png in Resources */ = {isa = PBXBuildFile; fileRef = 81530B621224571D002245B3 /* ButtonRotateCCV.png */; };
		81530B651224571D002245B3 /* ButtonRotateCV.png in Resources */ = {isa = PBXBuildFile; fileRef = 81530B631224571D002245B3 /* ButtonRotateCV.png */; };
		81549ABD122105250043FFE7 /* Settings.bundle in Resources */ = {isa = PBXBuildFile; fileRef = 81549ABC122105250043FFE7 /* Settings.bundle */; };
		815651251222976A00CCCCFF /* TDBadgedCell.m in Sources */ = {isa = PBXBuildFile; fileRef = 815651241222976A00CCCCFF /* TDBadgedCell.m */; };
		816FF804121708530083E7A4 /* RootViewController.m in Sources */ = {isa = PBXBuildFile; fileRef = 816FF803121708530083E7A4 /* RootViewController.m */; };
		8179B2BD121C327A00842F63 /* FoldersViewController.m in Sources */ = {isa = PBXBuildFile; fileRef = 8179B2BC121C327A00842F63 /* FoldersViewController.m */; };
		8179B76E121D22D500842F63 /* Folder.m in Sources */ = {isa = PBXBuildFile; fileRef = 8179B76D121D22D500842F63 /* Folder.m */; };
		81925246121BF4A800B2D9BE /* SegmentedLabel.m in Sources */ = {isa = PBXBuildFile; fileRef = 81925245121BF4A800B2D9BE /* SegmentedLabel.m */; };
		81B74BD6121E7DD0005117D4 /* Document.xcdatamodel in Sources */ = {isa = PBXBuildFile; fileRef = 81B74BD5121E7DD0005117D4 /* Document.xcdatamodel */; };
		81B74C62121E8306005117D4 /* CoreData.framework in Frameworks */ = {isa = PBXBuildFile; fileRef = 81B74C61121E8306005117D4 /* CoreData.framework */; };
		81B74CCE121E87B8005117D4 /* DataSource.m in Sources */ = {isa = PBXBuildFile; fileRef = 81B74CCD121E87B8005117D4 /* DataSource.m */; };
		81CAD11112217E5700E47930 /* DocumentViewBackground.png in Resources */ = {isa = PBXBuildFile; fileRef = 81CAD10F12217E5700E47930 /* DocumentViewBackground.png */; };
		81CAD11212217E5700E47930 /* UnreadMark.png in Resources */ = {isa = PBXBuildFile; fileRef = 81CAD11012217E5700E47930 /* UnreadMark.png */; };
		81DBAEC11212DCCE00207D6E /* AttachmentsViewController.m in Sources */ = {isa = PBXBuildFile; fileRef = 81DBAEC01212DCCE00207D6E /* AttachmentsViewController.m */; };
		81F137141226907A00E5DED7 /* ButtonInfo.png in Resources */ = {isa = PBXBuildFile; fileRef = 81F137121226907A00E5DED7 /* ButtonInfo.png */; };
		81F137151226907A00E5DED7 /* ButtonInfoSelected.png in Resources */ = {isa = PBXBuildFile; fileRef = 81F137131226907A00E5DED7 /* ButtonInfoSelected.png */; };
		81F1371E122690E300E5DED7 /* ButtonPenSelected.png in Resources */ = {isa = PBXBuildFile; fileRef = 81F1371D122690E300E5DED7 /* ButtonPenSelected.png */; };
		81F1372C1226915400E5DED7 /* ButtonCommentSelected.png in Resources */ = {isa = PBXBuildFile; fileRef = 81F1372A1226915400E5DED7 /* ButtonCommentSelected.png */; };
		81F1372D1226915400E5DED7 /* ButtonEraseSelected.png in Resources */ = {isa = PBXBuildFile; fileRef = 81F1372B1226915400E5DED7 /* ButtonEraseSelected.png */; };
		81F1381C1226AAB600E5DED7 /* ButtonDate.png in Resources */ = {isa = PBXBuildFile; fileRef = 81F1381B1226AAB600E5DED7 /* ButtonDate.png */; };
		81F13FD61228102300E5DED7 /* AttachmentPageViewController.m in Sources */ = {isa = PBXBuildFile; fileRef = 81F13FD51228102300E5DED7 /* AttachmentPageViewController.m */; };
		81F140641228157800E5DED7 /* AttachmentPageViewController.xib in Resources */ = {isa = PBXBuildFile; fileRef = 81F140631228157800E5DED7 /* AttachmentPageViewController.xib */; };
		81F4BF621223EF1B007E8E69 /* PageLoading.png in Resources */ = {isa = PBXBuildFile; fileRef = 81F4BF611223EF1B007E8E69 /* PageLoading.png */; };
		81F4C2EB12241A24007E8E69 /* ImageScrollView.m in Sources */ = {isa = PBXBuildFile; fileRef = 81F4C2EA12241A24007E8E69 /* ImageScrollView.m */; };
		81FB942E1221197B008A1E15 /* libDataModel.a in Frameworks */ = {isa = PBXBuildFile; fileRef = 81FB93FD12211918008A1E15 /* libDataModel.a */; };
		81FB942F12211980008A1E15 /* libLNDataSource.a in Frameworks */ = {isa = PBXBuildFile; fileRef = 81FB942912211972008A1E15 /* libLNDataSource.a */; };
		81FB943812211998008A1E15 /* libASIHTTPRequest.a in Frameworks */ = {isa = PBXBuildFile; fileRef = 81FB943712211993008A1E15 /* libASIHTTPRequest.a */; };
		81FEA53212119ECD00A9ABD3 /* DocumentCell.m in Sources */ = {isa = PBXBuildFile; fileRef = 81FEA51412119ECD00A9ABD3 /* DocumentCell.m */; };
		81FEA55412119F0900A9ABD3 /* QuartzCore.framework in Frameworks */ = {isa = PBXBuildFile; fileRef = 81FEA55312119F0900A9ABD3 /* QuartzCore.framework */; };
/* End PBXBuildFile section */

/* Begin PBXContainerItemProxy section */
		81FB93FC12211918008A1E15 /* PBXContainerItemProxy */ = {
			isa = PBXContainerItemProxy;
			containerPortal = 81FB93F512211918008A1E15 /* DataModel.xcodeproj */;
			proxyType = 2;
			remoteGlobalIDString = D2AAC07E0554694100DB518D;
			remoteInfo = DataModel;
		};
		81FB942812211972008A1E15 /* PBXContainerItemProxy */ = {
			isa = PBXContainerItemProxy;
			containerPortal = 81FB941B12211972008A1E15 /* LNDataSource.xcodeproj */;
			proxyType = 2;
			remoteGlobalIDString = D2AAC07E0554694100DB518D;
			remoteInfo = LNDataSource;
		};
		81FB943612211993008A1E15 /* PBXContainerItemProxy */ = {
			isa = PBXContainerItemProxy;
			containerPortal = 81FB943212211993008A1E15 /* ASIHTTPRequest.xcodeproj */;
			proxyType = 2;
			remoteGlobalIDString = D2AAC07E0554694100DB518D;
			remoteInfo = ASIHTTPRequest;
		};
/* End PBXContainerItemProxy section */

/* Begin PBXCopyFilesBuildPhase section */
		8137EC3A12142263006C1416 /* CopyFiles */ = {
			isa = PBXCopyFilesBuildPhase;
			buildActionMask = 2147483647;
			dstPath = "";
			dstSubfolderSpec = 10;
			files = (
				8137EC381214225E006C1416 /* PLBlocks.framework in CopyFiles */,
			);
			runOnlyForDeploymentPostprocessing = 0;
		};
/* End PBXCopyFilesBuildPhase section */

/* Begin PBXFileReference section */
		810100FA12253DCB00076F33 /* LinkedDocumentIcon.png */ = {isa = PBXFileReference; lastKnownFileType = image.png; path = LinkedDocumentIcon.png; sourceTree = "<group>"; };
		810105AA12259F2D00076F33 /* DocumentManaged.m */ = {isa = PBXFileReference; lastKnownFileType = sourcecode.c.objc; path = DocumentManaged.m; sourceTree = "<group>"; };
		810105AC12259F2D00076F33 /* ResolutionManaged.m */ = {isa = PBXFileReference; lastKnownFileType = sourcecode.c.objc; path = ResolutionManaged.m; sourceTree = "<group>"; };
		810105AE12259F2E00076F33 /* SignatureManaged.m */ = {isa = PBXFileReference; lastKnownFileType = sourcecode.c.objc; path = SignatureManaged.m; sourceTree = "<group>"; };
		810105B012259F2E00076F33 /* DocumentManaged.h */ = {isa = PBXFileReference; lastKnownFileType = sourcecode.c.h; path = DocumentManaged.h; sourceTree = "<group>"; };
		810105B112259F2F00076F33 /* ResolutionManaged.h */ = {isa = PBXFileReference; lastKnownFileType = sourcecode.c.h; path = ResolutionManaged.h; sourceTree = "<group>"; };
		810105B212259F2F00076F33 /* SignatureManaged.h */ = {isa = PBXFileReference; lastKnownFileType = sourcecode.c.h; path = SignatureManaged.h; sourceTree = "<group>"; };
		810105B312259F2F00076F33 /* _DocumentManaged.m */ = {isa = PBXFileReference; lastKnownFileType = sourcecode.c.objc; path = _DocumentManaged.m; sourceTree = "<group>"; };
		810105B512259F3000076F33 /* _ResolutionManaged.m */ = {isa = PBXFileReference; lastKnownFileType = sourcecode.c.objc; path = _ResolutionManaged.m; sourceTree = "<group>"; };
		810105B712259F3000076F33 /* _SignatureManaged.m */ = {isa = PBXFileReference; lastKnownFileType = sourcecode.c.objc; path = _SignatureManaged.m; sourceTree = "<group>"; };
		810105B912259F3100076F33 /* _DocumentManaged.h */ = {isa = PBXFileReference; lastKnownFileType = sourcecode.c.h; path = _DocumentManaged.h; sourceTree = "<group>"; };
		810105BA12259F3100076F33 /* _ResolutionManaged.h */ = {isa = PBXFileReference; lastKnownFileType = sourcecode.c.h; path = _ResolutionManaged.h; sourceTree = "<group>"; };
		810105BB12259F3100076F33 /* _SignatureManaged.h */ = {isa = PBXFileReference; lastKnownFileType = sourcecode.c.h; path = _SignatureManaged.h; sourceTree = "<group>"; };
		8101FEBA12250BAC00076F33 /* DocumentInfoViewController.xib */ = {isa = PBXFileReference; lastKnownFileType = file.xib; path = DocumentInfoViewController.xib; sourceTree = "<group>"; };
		8101FEBC12250BCB00076F33 /* DocumentInfoViewController.h */ = {isa = PBXFileReference; fileEncoding = 4; lastKnownFileType = sourcecode.c.h; path = DocumentInfoViewController.h; sourceTree = "<group>"; };
		8101FEBD12250BCB00076F33 /* DocumentInfoViewController.m */ = {isa = PBXFileReference; fileEncoding = 4; lastKnownFileType = sourcecode.c.objc; path = DocumentInfoViewController.m; sourceTree = "<group>"; };
		8116FF87121134E900DD537F /* Meester.app */ = {isa = PBXFileReference; explicitFileType = wrapper.application; includeInIndex = 0; path = Meester.app; sourceTree = BUILT_PRODUCTS_DIR; };
		8116FF8A121134E900DD537F /* UIKit.framework */ = {isa = PBXFileReference; lastKnownFileType = wrapper.framework; name = UIKit.framework; path = System/Library/Frameworks/UIKit.framework; sourceTree = SDKROOT; };
		8116FF8C121134E900DD537F /* Foundation.framework */ = {isa = PBXFileReference; lastKnownFileType = wrapper.framework; name = Foundation.framework; path = System/Library/Frameworks/Foundation.framework; sourceTree = SDKROOT; };
		8116FF8E121134E900DD537F /* CoreGraphics.framework */ = {isa = PBXFileReference; lastKnownFileType = wrapper.framework; name = CoreGraphics.framework; path = System/Library/Frameworks/CoreGraphics.framework; sourceTree = SDKROOT; };
		8116FF90121134E900DD537F /* Meester-Info.plist */ = {isa = PBXFileReference; lastKnownFileType = text.plist.xml; path = "Meester-Info.plist"; sourceTree = "<group>"; };
		8116FF91121134E900DD537F /* Meester_Prefix.pch */ = {isa = PBXFileReference; lastKnownFileType = sourcecode.c.h; path = Meester_Prefix.pch; sourceTree = "<group>"; };
		8116FF93121134E900DD537F /* en */ = {isa = PBXFileReference; lastKnownFileType = text.plist.strings; name = en; path = en.lproj/InfoPlist.strings; sourceTree = "<group>"; };
		8116FF95121134E900DD537F /* main.m */ = {isa = PBXFileReference; lastKnownFileType = sourcecode.c.objc; path = main.m; sourceTree = "<group>"; };
		8116FF97121134E900DD537F /* AppDelegate.h */ = {isa = PBXFileReference; lastKnownFileType = sourcecode.c.h; path = AppDelegate.h; sourceTree = "<group>"; };
		8116FF98121134E900DD537F /* AppDelegate.m */ = {isa = PBXFileReference; lastKnownFileType = sourcecode.c.objc; path = AppDelegate.m; sourceTree = "<group>"; };
		8116FF9B121134E900DD537F /* en */ = {isa = PBXFileReference; lastKnownFileType = file.xib; name = en; path = en.lproj/MainWindow.xib; sourceTree = "<group>"; };
		812AAC4412181F2000E3FBC8 /* en */ = {isa = PBXFileReference; lastKnownFileType = file.xib; name = en; path = en.lproj/DocumentViewController.xib; sourceTree = "<group>"; };
		812AADAF1218312400E3FBC8 /* DocumentCellView.h */ = {isa = PBXFileReference; fileEncoding = 4; lastKnownFileType = sourcecode.c.h; path = DocumentCellView.h; sourceTree = "<group>"; };
		812AADB01218312400E3FBC8 /* DocumentCellView.m */ = {isa = PBXFileReference; fileEncoding = 4; lastKnownFileType = sourcecode.c.objc; path = DocumentCellView.m; sourceTree = "<group>"; };
		812AAE8B1218433500E3FBC8 /* en */ = {isa = PBXFileReference; fileEncoding = 4; lastKnownFileType = text.plist.strings; name = en; path = en.lproj/Localizable.strings; sourceTree = "<group>"; };
		8137EC3512142239006C1416 /* PLBlocks.framework */ = {isa = PBXFileReference; lastKnownFileType = wrapper.framework; name = PLBlocks.framework; path = thirdparty/PLBlocks.framework; sourceTree = "<group>"; };
		8137EC3B12142274006C1416 /* CFNetwork.framework */ = {isa = PBXFileReference; lastKnownFileType = wrapper.framework; name = CFNetwork.framework; path = System/Library/Frameworks/CFNetwork.framework; sourceTree = SDKROOT; };
		8137EC3D1214228F006C1416 /* libz.1.2.3.dylib */ = {isa = PBXFileReference; lastKnownFileType = "compiled.mach-o.dylib"; name = libz.1.2.3.dylib; path = usr/lib/libz.1.2.3.dylib; sourceTree = SDKROOT; };
		8137EC3F1214229D006C1416 /* SystemConfiguration.framework */ = {isa = PBXFileReference; lastKnownFileType = wrapper.framework; name = SystemConfiguration.framework; path = System/Library/Frameworks/SystemConfiguration.framework; sourceTree = SDKROOT; };
		8137EC41121422A6006C1416 /* MobileCoreServices.framework */ = {isa = PBXFileReference; lastKnownFileType = wrapper.framework; name = MobileCoreServices.framework; path = System/Library/Frameworks/MobileCoreServices.framework; sourceTree = SDKROOT; };
		81399952121D3EF3009B0912 /* MasterViewController.h */ = {isa = PBXFileReference; fileEncoding = 4; lastKnownFileType = sourcecode.c.h; path = MasterViewController.h; sourceTree = "<group>"; };
		81399953121D3EF3009B0912 /* MasterViewController.m */ = {isa = PBXFileReference; fileEncoding = 4; lastKnownFileType = sourcecode.c.objc; path = MasterViewController.m; sourceTree = "<group>"; };
		814AE04C1211D55300457254 /* DocumentViewController.h */ = {isa = PBXFileReference; fileEncoding = 4; lastKnownFileType = sourcecode.c.h; path = DocumentViewController.h; sourceTree = "<group>"; };
		814AE04D1211D55300457254 /* DocumentViewController.m */ = {isa = PBXFileReference; fileEncoding = 4; lastKnownFileType = sourcecode.c.objc; path = DocumentViewController.m; sourceTree = "<group>"; };
		8153098F122440E4002245B3 /* AttachmentsViewController.xib */ = {isa = PBXFileReference; lastKnownFileType = file.xib; path = AttachmentsViewController.xib; sourceTree = "<group>"; };
		81530B56122454F9002245B3 /* ButtonErase.png */ = {isa = PBXFileReference; lastKnownFileType = image.png; path = ButtonErase.png; sourceTree = "<group>"; };
		81530B57122454F9002245B3 /* ButtonPen.png */ = {isa = PBXFileReference; lastKnownFileType = image.png; path = ButtonPen.png; sourceTree = "<group>"; };
		81530B60122456CA002245B3 /* ButtonComment.png */ = {isa = PBXFileReference; lastKnownFileType = image.png; path = ButtonComment.png; sourceTree = "<group>"; };
		81530B621224571D002245B3 /* ButtonRotateCCV.png */ = {isa = PBXFileReference; lastKnownFileType = image.png; path = ButtonRotateCCV.png; sourceTree = "<group>"; };
		81530B631224571D002245B3 /* ButtonRotateCV.png */ = {isa = PBXFileReference; lastKnownFileType = image.png; path = ButtonRotateCV.png; sourceTree = "<group>"; };
		81549A9F122104B60043FFE7 /* SynthesizeSingleton.h */ = {isa = PBXFileReference; fileEncoding = 4; lastKnownFileType = sourcecode.c.h; name = SynthesizeSingleton.h; path = thirdparty/SynthesizeSingleton.h; sourceTree = "<group>"; };
		81549ABC122105250043FFE7 /* Settings.bundle */ = {isa = PBXFileReference; lastKnownFileType = "wrapper.plug-in"; path = Settings.bundle; sourceTree = "<group>"; };
		815651231222976A00CCCCFF /* TDBadgedCell.h */ = {isa = PBXFileReference; fileEncoding = 4; lastKnownFileType = sourcecode.c.h; path = TDBadgedCell.h; sourceTree = "<group>"; };
		815651241222976A00CCCCFF /* TDBadgedCell.m */ = {isa = PBXFileReference; fileEncoding = 4; lastKnownFileType = sourcecode.c.objc; path = TDBadgedCell.m; sourceTree = "<group>"; };
		816FF802121708530083E7A4 /* RootViewController.h */ = {isa = PBXFileReference; fileEncoding = 4; lastKnownFileType = sourcecode.c.h; path = RootViewController.h; sourceTree = "<group>"; };
		816FF803121708530083E7A4 /* RootViewController.m */ = {isa = PBXFileReference; fileEncoding = 4; lastKnownFileType = sourcecode.c.objc; path = RootViewController.m; sourceTree = "<group>"; };
		8179B2BB121C327A00842F63 /* FoldersViewController.h */ = {isa = PBXFileReference; fileEncoding = 4; lastKnownFileType = sourcecode.c.h; path = FoldersViewController.h; sourceTree = "<group>"; };
		8179B2BC121C327A00842F63 /* FoldersViewController.m */ = {isa = PBXFileReference; fileEncoding = 4; lastKnownFileType = sourcecode.c.objc; path = FoldersViewController.m; sourceTree = "<group>"; };
		8179B76C121D22D500842F63 /* Folder.h */ = {isa = PBXFileReference; fileEncoding = 4; lastKnownFileType = sourcecode.c.h; path = Folder.h; sourceTree = "<group>"; };
		8179B76D121D22D500842F63 /* Folder.m */ = {isa = PBXFileReference; fileEncoding = 4; lastKnownFileType = sourcecode.c.objc; path = Folder.m; sourceTree = "<group>"; };
		81925244121BF4A800B2D9BE /* SegmentedLabel.h */ = {isa = PBXFileReference; fileEncoding = 4; lastKnownFileType = sourcecode.c.h; path = SegmentedLabel.h; sourceTree = "<group>"; };
		81925245121BF4A800B2D9BE /* SegmentedLabel.m */ = {isa = PBXFileReference; fileEncoding = 4; lastKnownFileType = sourcecode.c.objc; path = SegmentedLabel.m; sourceTree = "<group>"; };
		81B74BD5121E7DD0005117D4 /* Document.xcdatamodel */ = {isa = PBXFileReference; comments = xmod; fileEncoding = 4; lastKnownFileType = wrapper.xcdatamodel; path = Document.xcdatamodel; sourceTree = "<group>"; };
		81B74C61121E8306005117D4 /* CoreData.framework */ = {isa = PBXFileReference; lastKnownFileType = wrapper.framework; name = CoreData.framework; path = System/Library/Frameworks/CoreData.framework; sourceTree = SDKROOT; };
		81B74CCC121E87B8005117D4 /* DataSource.h */ = {isa = PBXFileReference; fileEncoding = 4; lastKnownFileType = sourcecode.c.h; path = DataSource.h; sourceTree = "<group>"; };
		81B74CCD121E87B8005117D4 /* DataSource.m */ = {isa = PBXFileReference; fileEncoding = 4; lastKnownFileType = sourcecode.c.objc; path = DataSource.m; sourceTree = "<group>"; };
		81CAD10F12217E5700E47930 /* DocumentViewBackground.png */ = {isa = PBXFileReference; lastKnownFileType = image.png; path = DocumentViewBackground.png; sourceTree = "<group>"; };
		81CAD11012217E5700E47930 /* UnreadMark.png */ = {isa = PBXFileReference; lastKnownFileType = image.png; path = UnreadMark.png; sourceTree = "<group>"; };
		81DBAEBF1212DCCE00207D6E /* AttachmentsViewController.h */ = {isa = PBXFileReference; fileEncoding = 4; lastKnownFileType = sourcecode.c.h; path = AttachmentsViewController.h; sourceTree = "<group>"; };
		81DBAEC01212DCCE00207D6E /* AttachmentsViewController.m */ = {isa = PBXFileReference; fileEncoding = 4; lastKnownFileType = sourcecode.c.objc; path = AttachmentsViewController.m; sourceTree = "<group>"; };
		81F137121226907A00E5DED7 /* ButtonInfo.png */ = {isa = PBXFileReference; lastKnownFileType = image.png; path = ButtonInfo.png; sourceTree = "<group>"; };
		81F137131226907A00E5DED7 /* ButtonInfoSelected.png */ = {isa = PBXFileReference; lastKnownFileType = image.png; path = ButtonInfoSelected.png; sourceTree = "<group>"; };
		81F1371D122690E300E5DED7 /* ButtonPenSelected.png */ = {isa = PBXFileReference; lastKnownFileType = image.png; path = ButtonPenSelected.png; sourceTree = "<group>"; };
		81F1372A1226915400E5DED7 /* ButtonCommentSelected.png */ = {isa = PBXFileReference; lastKnownFileType = image.png; path = ButtonCommentSelected.png; sourceTree = "<group>"; };
		81F1372B1226915400E5DED7 /* ButtonEraseSelected.png */ = {isa = PBXFileReference; lastKnownFileType = image.png; path = ButtonEraseSelected.png; sourceTree = "<group>"; };
		81F1381B1226AAB600E5DED7 /* ButtonDate.png */ = {isa = PBXFileReference; lastKnownFileType = image.png; path = ButtonDate.png; sourceTree = "<group>"; };
		81F13FD41228102300E5DED7 /* AttachmentPageViewController.h */ = {isa = PBXFileReference; fileEncoding = 4; lastKnownFileType = sourcecode.c.h; path = AttachmentPageViewController.h; sourceTree = "<group>"; };
		81F13FD51228102300E5DED7 /* AttachmentPageViewController.m */ = {isa = PBXFileReference; fileEncoding = 4; lastKnownFileType = sourcecode.c.objc; path = AttachmentPageViewController.m; sourceTree = "<group>"; };
		81F140631228157800E5DED7 /* AttachmentPageViewController.xib */ = {isa = PBXFileReference; lastKnownFileType = file.xib; path = AttachmentPageViewController.xib; sourceTree = "<group>"; };
		81F4BF611223EF1B007E8E69 /* PageLoading.png */ = {isa = PBXFileReference; lastKnownFileType = image.png; path = PageLoading.png; sourceTree = "<group>"; };
		81F4C2E912241A24007E8E69 /* ImageScrollView.h */ = {isa = PBXFileReference; fileEncoding = 4; lastKnownFileType = sourcecode.c.h; path = ImageScrollView.h; sourceTree = "<group>"; };
		81F4C2EA12241A24007E8E69 /* ImageScrollView.m */ = {isa = PBXFileReference; fileEncoding = 4; lastKnownFileType = sourcecode.c.objc; path = ImageScrollView.m; sourceTree = "<group>"; };
		81FB93F512211918008A1E15 /* DataModel.xcodeproj */ = {isa = PBXFileReference; lastKnownFileType = "wrapper.pb-project"; name = DataModel.xcodeproj; path = DataModel/DataModel.xcodeproj; sourceTree = "<group>"; };
		81FB941B12211972008A1E15 /* LNDataSource.xcodeproj */ = {isa = PBXFileReference; lastKnownFileType = "wrapper.pb-project"; name = LNDataSource.xcodeproj; path = LNDataSource/LNDataSource.xcodeproj; sourceTree = "<group>"; };
		81FB943212211993008A1E15 /* ASIHTTPRequest.xcodeproj */ = {isa = PBXFileReference; lastKnownFileType = "wrapper.pb-project"; name = ASIHTTPRequest.xcodeproj; path = thirdparty/ASIHTTPRequest/ASIHTTPRequest.xcodeproj; sourceTree = "<group>"; };
		81FEA51312119ECD00A9ABD3 /* DocumentCell.h */ = {isa = PBXFileReference; fileEncoding = 4; lastKnownFileType = sourcecode.c.h; path = DocumentCell.h; sourceTree = "<group>"; };
		81FEA51412119ECD00A9ABD3 /* DocumentCell.m */ = {isa = PBXFileReference; fileEncoding = 4; lastKnownFileType = sourcecode.c.objc; path = DocumentCell.m; sourceTree = "<group>"; };
		81FEA55312119F0900A9ABD3 /* QuartzCore.framework */ = {isa = PBXFileReference; lastKnownFileType = wrapper.framework; name = QuartzCore.framework; path = System/Library/Frameworks/QuartzCore.framework; sourceTree = SDKROOT; };
/* End PBXFileReference section */

/* Begin PBXFrameworksBuildPhase section */
		8116FF84121134E900DD537F /* Frameworks */ = {
			isa = PBXFrameworksBuildPhase;
			buildActionMask = 2147483647;
			files = (
				81FB943812211998008A1E15 /* libASIHTTPRequest.a in Frameworks */,
				81FB942F12211980008A1E15 /* libLNDataSource.a in Frameworks */,
				81FB942E1221197B008A1E15 /* libDataModel.a in Frameworks */,
				8116FF8B121134E900DD537F /* UIKit.framework in Frameworks */,
				8116FF8D121134E900DD537F /* Foundation.framework in Frameworks */,
				8116FF8F121134E900DD537F /* CoreGraphics.framework in Frameworks */,
				81FEA55412119F0900A9ABD3 /* QuartzCore.framework in Frameworks */,
				8137EC3612142239006C1416 /* PLBlocks.framework in Frameworks */,
				8137EC3C12142274006C1416 /* CFNetwork.framework in Frameworks */,
				8137EC3E1214228F006C1416 /* libz.1.2.3.dylib in Frameworks */,
				8137EC401214229D006C1416 /* SystemConfiguration.framework in Frameworks */,
				8137EC42121422A6006C1416 /* MobileCoreServices.framework in Frameworks */,
				81B74C62121E8306005117D4 /* CoreData.framework in Frameworks */,
			);
			runOnlyForDeploymentPostprocessing = 0;
		};
/* End PBXFrameworksBuildPhase section */

/* Begin PBXGroup section */
		8116FF78121134E900DD537F = {
			isa = PBXGroup;
			children = (
				81F4C0AD12240124007E8E69 /* Libraries */,
				8116FF7F121134E900DD537F /* Classes */,
				8116FF80121134E900DD537F /* Other Sources */,
				8116FF81121134E900DD537F /* Resources */,
				8116FF82121134E900DD537F /* Frameworks */,
				8116FF88121134E900DD537F /* Products */,
				81549ABC122105250043FFE7 /* Settings.bundle */,
			);
			sourceTree = "<group>";
		};
		8116FF7F121134E900DD537F /* Classes */ = {
			isa = PBXGroup;
			children = (
				81399861121D2FB1009B0912 /* Controller */,
				81399860121D2F98009B0912 /* View */,
				8139985E121D2F7D009B0912 /* Model */,
				8116FF97121134E900DD537F /* AppDelegate.h */,
				8116FF98121134E900DD537F /* AppDelegate.m */,
			);
			path = Classes;
			sourceTree = "<group>";
		};
		8116FF80121134E900DD537F /* Other Sources */ = {
			isa = PBXGroup;
			children = (
				81549A9F122104B60043FFE7 /* SynthesizeSingleton.h */,
				8116FF91121134E900DD537F /* Meester_Prefix.pch */,
				8116FF95121134E900DD537F /* main.m */,
			);
			name = "Other Sources";
			sourceTree = "<group>";
		};
		8116FF81121134E900DD537F /* Resources */ = {
			isa = PBXGroup;
			children = (
				812AAE8A1218433500E3FBC8 /* Localizable.strings */,
				812AAC4312181F2000E3FBC8 /* DocumentViewController.xib */,
				81FEA54012119EE500A9ABD3 /* images */,
				8116FF90121134E900DD537F /* Meester-Info.plist */,
				8116FF92121134E900DD537F /* InfoPlist.strings */,
				8116FF9A121134E900DD537F /* MainWindow.xib */,
				81B74BD5121E7DD0005117D4 /* Document.xcdatamodel */,
				81E703F31222CED7004FCF7E /* Document */,
				8153098F122440E4002245B3 /* AttachmentsViewController.xib */,
				8101FEBA12250BAC00076F33 /* DocumentInfoViewController.xib */,
				81F140631228157800E5DED7 /* AttachmentPageViewController.xib */,
			);
			name = Resources;
			sourceTree = "<group>";
		};
		8116FF82121134E900DD537F /* Frameworks */ = {
			isa = PBXGroup;
			children = (
				8137EC3512142239006C1416 /* PLBlocks.framework */,
				81FEA55312119F0900A9ABD3 /* QuartzCore.framework */,
				8116FF8A121134E900DD537F /* UIKit.framework */,
				8116FF8C121134E900DD537F /* Foundation.framework */,
				8116FF8E121134E900DD537F /* CoreGraphics.framework */,
				8137EC3B12142274006C1416 /* CFNetwork.framework */,
				8137EC3D1214228F006C1416 /* libz.1.2.3.dylib */,
				8137EC3F1214229D006C1416 /* SystemConfiguration.framework */,
				8137EC41121422A6006C1416 /* MobileCoreServices.framework */,
				81B74C61121E8306005117D4 /* CoreData.framework */,
			);
			name = Frameworks;
			sourceTree = "<group>";
		};
		8116FF88121134E900DD537F /* Products */ = {
			isa = PBXGroup;
			children = (
				8116FF87121134E900DD537F /* Meester.app */,
			);
			name = Products;
			sourceTree = "<group>";
		};
		8139985E121D2F7D009B0912 /* Model */ = {
			isa = PBXGroup;
			children = (
				81B74CCC121E87B8005117D4 /* DataSource.h */,
				81B74CCD121E87B8005117D4 /* DataSource.m */,
				8179B76C121D22D500842F63 /* Folder.h */,
				8179B76D121D22D500842F63 /* Folder.m */,
			);
			name = Model;
			sourceTree = "<group>";
		};
		81399860121D2F98009B0912 /* View */ = {
			isa = PBXGroup;
			children = (
				81F4C2E912241A24007E8E69 /* ImageScrollView.h */,
				81F4C2EA12241A24007E8E69 /* ImageScrollView.m */,
				81925244121BF4A800B2D9BE /* SegmentedLabel.h */,
				81925245121BF4A800B2D9BE /* SegmentedLabel.m */,
				81FEA51312119ECD00A9ABD3 /* DocumentCell.h */,
				81FEA51412119ECD00A9ABD3 /* DocumentCell.m */,
				812AADAF1218312400E3FBC8 /* DocumentCellView.h */,
				812AADB01218312400E3FBC8 /* DocumentCellView.m */,
			);
			name = View;
			sourceTree = "<group>";
		};
		81399861121D2FB1009B0912 /* Controller */ = {
			isa = PBXGroup;
			children = (
				814AE04C1211D55300457254 /* DocumentViewController.h */,
				814AE04D1211D55300457254 /* DocumentViewController.m */,
				81DBAEBF1212DCCE00207D6E /* AttachmentsViewController.h */,
				81DBAEC01212DCCE00207D6E /* AttachmentsViewController.m */,
				81F13FD41228102300E5DED7 /* AttachmentPageViewController.h */,
				81F13FD51228102300E5DED7 /* AttachmentPageViewController.m */,
				816FF802121708530083E7A4 /* RootViewController.h */,
				816FF803121708530083E7A4 /* RootViewController.m */,
				8179B2BB121C327A00842F63 /* FoldersViewController.h */,
				8179B2BC121C327A00842F63 /* FoldersViewController.m */,
				81399952121D3EF3009B0912 /* MasterViewController.h */,
				81399953121D3EF3009B0912 /* MasterViewController.m */,
				8101FEBC12250BCB00076F33 /* DocumentInfoViewController.h */,
				8101FEBD12250BCB00076F33 /* DocumentInfoViewController.m */,
			);
			name = Controller;
			sourceTree = "<group>";
		};
		815651221222976A00CCCCFF /* TDBadgedCell */ = {
			isa = PBXGroup;
			children = (
				815651231222976A00CCCCFF /* TDBadgedCell.h */,
				815651241222976A00CCCCFF /* TDBadgedCell.m */,
			);
			name = TDBadgedCell;
			path = thirdparty/TDBadgedCell;
			sourceTree = "<group>";
		};
		81E703F31222CED7004FCF7E /* Document */ = {
			isa = PBXGroup;
			children = (
				810105AA12259F2D00076F33 /* DocumentManaged.m */,
				810105AC12259F2D00076F33 /* ResolutionManaged.m */,
				810105AE12259F2E00076F33 /* SignatureManaged.m */,
				810105B012259F2E00076F33 /* DocumentManaged.h */,
				810105B112259F2F00076F33 /* ResolutionManaged.h */,
				810105B212259F2F00076F33 /* SignatureManaged.h */,
				810105B312259F2F00076F33 /* _DocumentManaged.m */,
				810105B512259F3000076F33 /* _ResolutionManaged.m */,
				810105B712259F3000076F33 /* _SignatureManaged.m */,
				810105B912259F3100076F33 /* _DocumentManaged.h */,
				810105BA12259F3100076F33 /* _ResolutionManaged.h */,
				810105BB12259F3100076F33 /* _SignatureManaged.h */,
			);
			path = Document;
			sourceTree = "<group>";
		};
		81F4C0AD12240124007E8E69 /* Libraries */ = {
			isa = PBXGroup;
			children = (
				815651221222976A00CCCCFF /* TDBadgedCell */,
				81FB943212211993008A1E15 /* ASIHTTPRequest.xcodeproj */,
				81FB941B12211972008A1E15 /* LNDataSource.xcodeproj */,
				81FB93F512211918008A1E15 /* DataModel.xcodeproj */,
			);
			name = Libraries;
			sourceTree = "<group>";
		};
		81FB93F612211918008A1E15 /* Products */ = {
			isa = PBXGroup;
			children = (
				81FB93FD12211918008A1E15 /* libDataModel.a */,
			);
			name = Products;
			sourceTree = "<group>";
		};
		81FB941C12211972008A1E15 /* Products */ = {
			isa = PBXGroup;
			children = (
				81FB942912211972008A1E15 /* libLNDataSource.a */,
			);
			name = Products;
			sourceTree = "<group>";
		};
		81FB943312211993008A1E15 /* Products */ = {
			isa = PBXGroup;
			children = (
				81FB943712211993008A1E15 /* libASIHTTPRequest.a */,
			);
			name = Products;
			sourceTree = "<group>";
		};
		81FEA54012119EE500A9ABD3 /* images */ = {
			isa = PBXGroup;
			children = (
				81F1381B1226AAB600E5DED7 /* ButtonDate.png */,
				81F1372A1226915400E5DED7 /* ButtonCommentSelected.png */,
				81F1372B1226915400E5DED7 /* ButtonEraseSelected.png */,
				81F1371D122690E300E5DED7 /* ButtonPenSelected.png */,
				81F137121226907A00E5DED7 /* ButtonInfo.png */,
				81F137131226907A00E5DED7 /* ButtonInfoSelected.png */,
				810100FA12253DCB00076F33 /* LinkedDocumentIcon.png */,
				81530B621224571D002245B3 /* ButtonRotateCCV.png */,
				81530B631224571D002245B3 /* ButtonRotateCV.png */,
				81530B60122456CA002245B3 /* ButtonComment.png */,
				81530B56122454F9002245B3 /* ButtonErase.png */,
				81530B57122454F9002245B3 /* ButtonPen.png */,
				81F4BF611223EF1B007E8E69 /* PageLoading.png */,
				81CAD10F12217E5700E47930 /* DocumentViewBackground.png */,
				81CAD11012217E5700E47930 /* UnreadMark.png */,
			);
			path = images;
			sourceTree = "<group>";
		};
/* End PBXGroup section */

/* Begin PBXNativeTarget section */
		8116FF86121134E900DD537F /* Meester */ = {
			isa = PBXNativeTarget;
			buildConfigurationList = 8116FFA5121134E900DD537F /* Build configuration list for PBXNativeTarget "Meester" */;
			buildPhases = (
				8116FF83121134E900DD537F /* Sources */,
				8116FF84121134E900DD537F /* Frameworks */,
				8116FF85121134E900DD537F /* Resources */,
				8137EC3A12142263006C1416 /* CopyFiles */,
			);
			buildRules = (
			);
			dependencies = (
			);
			name = Meester;
			productName = Meester;
			productReference = 8116FF87121134E900DD537F /* Meester.app */;
			productType = "com.apple.product-type.application";
		};
/* End PBXNativeTarget section */

/* Begin PBXProject section */
		8116FF7A121134E900DD537F /* Project object */ = {
			isa = PBXProject;
			buildConfigurationList = 8116FF7D121134E900DD537F /* Build configuration list for PBXProject "Meester" */;
			compatibilityVersion = "Xcode 3.2";
			hasScannedForEncodings = 0;
			knownRegions = (
				en,
			);
			mainGroup = 8116FF78121134E900DD537F;
			productRefGroup = 8116FF88121134E900DD537F /* Products */;
			projectDirPath = "";
			projectReferences = (
				{
					ProductGroup = 81FB943312211993008A1E15 /* Products */;
					ProjectRef = 81FB943212211993008A1E15 /* ASIHTTPRequest.xcodeproj */;
				},
				{
					ProductGroup = 81FB93F612211918008A1E15 /* Products */;
					ProjectRef = 81FB93F512211918008A1E15 /* DataModel.xcodeproj */;
				},
				{
					ProductGroup = 81FB941C12211972008A1E15 /* Products */;
					ProjectRef = 81FB941B12211972008A1E15 /* LNDataSource.xcodeproj */;
				},
			);
			projectRoot = "";
			targets = (
				8116FF86121134E900DD537F /* Meester */,
			);
		};
/* End PBXProject section */

/* Begin PBXReferenceProxy section */
		81FB93FD12211918008A1E15 /* libDataModel.a */ = {
			isa = PBXReferenceProxy;
			fileType = archive.ar;
			path = libDataModel.a;
			remoteRef = 81FB93FC12211918008A1E15 /* PBXContainerItemProxy */;
			sourceTree = BUILT_PRODUCTS_DIR;
		};
		81FB942912211972008A1E15 /* libLNDataSource.a */ = {
			isa = PBXReferenceProxy;
			fileType = archive.ar;
			path = libLNDataSource.a;
			remoteRef = 81FB942812211972008A1E15 /* PBXContainerItemProxy */;
			sourceTree = BUILT_PRODUCTS_DIR;
		};
		81FB943712211993008A1E15 /* libASIHTTPRequest.a */ = {
			isa = PBXReferenceProxy;
			fileType = archive.ar;
			path = libASIHTTPRequest.a;
			remoteRef = 81FB943612211993008A1E15 /* PBXContainerItemProxy */;
			sourceTree = BUILT_PRODUCTS_DIR;
		};
/* End PBXReferenceProxy section */

/* Begin PBXResourcesBuildPhase section */
		8116FF85121134E900DD537F /* Resources */ = {
			isa = PBXResourcesBuildPhase;
			buildActionMask = 2147483647;
			files = (
				8116FF94121134E900DD537F /* InfoPlist.strings in Resources */,
				8116FF9C121134E900DD537F /* MainWindow.xib in Resources */,
				812AAC4512181F2000E3FBC8 /* DocumentViewController.xib in Resources */,
				812AAE8C1218433500E3FBC8 /* Localizable.strings in Resources */,
				81549ABD122105250043FFE7 /* Settings.bundle in Resources */,
				81CAD11112217E5700E47930 /* DocumentViewBackground.png in Resources */,
				81CAD11212217E5700E47930 /* UnreadMark.png in Resources */,
				81F4BF621223EF1B007E8E69 /* PageLoading.png in Resources */,
				81530990122440E4002245B3 /* AttachmentsViewController.xib in Resources */,
				81530B58122454F9002245B3 /* ButtonErase.png in Resources */,
				81530B59122454F9002245B3 /* ButtonPen.png in Resources */,
				81530B61122456CA002245B3 /* ButtonComment.png in Resources */,
				81530B641224571D002245B3 /* ButtonRotateCCV.png in Resources */,
				81530B651224571D002245B3 /* ButtonRotateCV.png in Resources */,
				8101FEBB12250BAC00076F33 /* DocumentInfoViewController.xib in Resources */,
				810100FB12253DCB00076F33 /* LinkedDocumentIcon.png in Resources */,
				81F137141226907A00E5DED7 /* ButtonInfo.png in Resources */,
				81F137151226907A00E5DED7 /* ButtonInfoSelected.png in Resources */,
				81F1371E122690E300E5DED7 /* ButtonPenSelected.png in Resources */,
				81F1372C1226915400E5DED7 /* ButtonCommentSelected.png in Resources */,
				81F1372D1226915400E5DED7 /* ButtonEraseSelected.png in Resources */,
				81F1381C1226AAB600E5DED7 /* ButtonDate.png in Resources */,
				81F140641228157800E5DED7 /* AttachmentPageViewController.xib in Resources */,
			);
			runOnlyForDeploymentPostprocessing = 0;
		};
/* End PBXResourcesBuildPhase section */

/* Begin PBXSourcesBuildPhase section */
		8116FF83121134E900DD537F /* Sources */ = {
			isa = PBXSourcesBuildPhase;
			buildActionMask = 2147483647;
			files = (
				8116FF96121134E900DD537F /* main.m in Sources */,
				8116FF99121134E900DD537F /* AppDelegate.m in Sources */,
				81FEA53212119ECD00A9ABD3 /* DocumentCell.m in Sources */,
				814AE04E1211D55300457254 /* DocumentViewController.m in Sources */,
				81DBAEC11212DCCE00207D6E /* AttachmentsViewController.m in Sources */,
				816FF804121708530083E7A4 /* RootViewController.m in Sources */,
				812AADB11218312400E3FBC8 /* DocumentCellView.m in Sources */,
				81925246121BF4A800B2D9BE /* SegmentedLabel.m in Sources */,
				8179B2BD121C327A00842F63 /* FoldersViewController.m in Sources */,
				8179B76E121D22D500842F63 /* Folder.m in Sources */,
				81399954121D3EF3009B0912 /* MasterViewController.m in Sources */,
				81B74BD6121E7DD0005117D4 /* Document.xcdatamodel in Sources */,
				81B74CCE121E87B8005117D4 /* DataSource.m in Sources */,
				815651251222976A00CCCCFF /* TDBadgedCell.m in Sources */,
				81F4C2EB12241A24007E8E69 /* ImageScrollView.m in Sources */,
				8101FEBE12250BCB00076F33 /* DocumentInfoViewController.m in Sources */,
				810105AB12259F2D00076F33 /* DocumentManaged.m in Sources */,
				810105AD12259F2E00076F33 /* ResolutionManaged.m in Sources */,
				810105AF12259F2E00076F33 /* SignatureManaged.m in Sources */,
				810105B412259F3000076F33 /* _DocumentManaged.m in Sources */,
				810105B612259F3000076F33 /* _ResolutionManaged.m in Sources */,
				810105B812259F3000076F33 /* _SignatureManaged.m in Sources */,
				81F13FD61228102300E5DED7 /* AttachmentPageViewController.m in Sources */,
			);
			runOnlyForDeploymentPostprocessing = 0;
		};
/* End PBXSourcesBuildPhase section */

/* Begin PBXVariantGroup section */
		8116FF92121134E900DD537F /* InfoPlist.strings */ = {
			isa = PBXVariantGroup;
			children = (
				8116FF93121134E900DD537F /* en */,
			);
			name = InfoPlist.strings;
			sourceTree = "<group>";
		};
		8116FF9A121134E900DD537F /* MainWindow.xib */ = {
			isa = PBXVariantGroup;
			children = (
				8116FF9B121134E900DD537F /* en */,
			);
			name = MainWindow.xib;
			sourceTree = "<group>";
		};
		812AAC4312181F2000E3FBC8 /* DocumentViewController.xib */ = {
			isa = PBXVariantGroup;
			children = (
				812AAC4412181F2000E3FBC8 /* en */,
			);
			name = DocumentViewController.xib;
			sourceTree = "<group>";
		};
		812AAE8A1218433500E3FBC8 /* Localizable.strings */ = {
			isa = PBXVariantGroup;
			children = (
				812AAE8B1218433500E3FBC8 /* en */,
			);
			name = Localizable.strings;
			sourceTree = "<group>";
		};
/* End PBXVariantGroup section */

/* Begin XCBuildConfiguration section */
		8116FFA3121134E900DD537F /* Debug */ = {
			isa = XCBuildConfiguration;
			buildSettings = {
				ARCHS = "$(ARCHS_UNIVERSAL_IPHONE_OS)";
				"CODE_SIGN_IDENTITY[sdk=iphoneos*]" = "iPhone Developer";
				GCC_C_LANGUAGE_STANDARD = gnu99;
				GCC_OPTIMIZATION_LEVEL = 0;
				GCC_PREPROCESSOR_DEFINITIONS = DEBUG;
				GCC_VERSION = coop.plausible.blocks.compilers.gcc.4_2;
				GCC_WARN_ABOUT_RETURN_TYPE = YES;
				GCC_WARN_UNUSED_VARIABLE = YES;
				IPHONEOS_DEPLOYMENT_TARGET = 3.2;
				PREBINDING = NO;
				SDKROOT = iphoneos3.2;
				TARGETED_DEVICE_FAMILY = 2;
				USER_HEADER_SEARCH_PATHS = "LNDataSource/** DataModel/**";
				VALID_ARCHS = armv7;
			};
			name = Debug;
		};
		8116FFA4121134E900DD537F /* Release */ = {
			isa = XCBuildConfiguration;
			buildSettings = {
				ARCHS = "$(ARCHS_UNIVERSAL_IPHONE_OS)";
				"CODE_SIGN_IDENTITY[sdk=iphoneos*]" = "iPhone Developer";
				GCC_C_LANGUAGE_STANDARD = gnu99;
				GCC_VERSION = coop.plausible.blocks.compilers.gcc.4_2;
				GCC_WARN_ABOUT_RETURN_TYPE = YES;
				GCC_WARN_UNUSED_VARIABLE = YES;
				IPHONEOS_DEPLOYMENT_TARGET = 3.2;
				OTHER_CFLAGS = "-DNS_BLOCK_ASSERTIONS=1";
				PREBINDING = NO;
				SDKROOT = iphoneos3.2;
				TARGETED_DEVICE_FAMILY = 2;
				USER_HEADER_SEARCH_PATHS = "LNDataSource/** DataModel/**";
				VALID_ARCHS = armv7;
			};
			name = Release;
		};
		8116FFA6121134E900DD537F /* Debug */ = {
			isa = XCBuildConfiguration;
			buildSettings = {
				ALWAYS_SEARCH_USER_PATHS = NO;
				COPY_PHASE_STRIP = NO;
				FRAMEWORK_SEARCH_PATHS = (
					"$(inherited)",
					"\"$(SRCROOT)/thirdparty\"",
				);
				GCC_DYNAMIC_NO_PIC = NO;
				GCC_PRECOMPILE_PREFIX_HEADER = YES;
				GCC_PREFIX_HEADER = Meester_Prefix.pch;
				INFOPLIST_FILE = "Meester-Info.plist";
				PRODUCT_NAME = Meester;
				USER_HEADER_SEARCH_PATHS = "$(inherited)";
				WRAPPER_EXTENSION = app;
			};
			name = Debug;
		};
		8116FFA7121134E900DD537F /* Release */ = {
			isa = XCBuildConfiguration;
			buildSettings = {
				ALWAYS_SEARCH_USER_PATHS = NO;
				COPY_PHASE_STRIP = YES;
				FRAMEWORK_SEARCH_PATHS = (
					"$(inherited)",
					"\"$(SRCROOT)/thirdparty\"",
				);
				GCC_PRECOMPILE_PREFIX_HEADER = YES;
				GCC_PREFIX_HEADER = Meester_Prefix.pch;
				INFOPLIST_FILE = "Meester-Info.plist";
				PRODUCT_NAME = Meester;
				USER_HEADER_SEARCH_PATHS = "$(inherited)";
				VALIDATE_PRODUCT = YES;
				WRAPPER_EXTENSION = app;
			};
			name = Release;
		};
/* End XCBuildConfiguration section */

/* Begin XCConfigurationList section */
		8116FF7D121134E900DD537F /* Build configuration list for PBXProject "Meester" */ = {
			isa = XCConfigurationList;
			buildConfigurations = (
				8116FFA3121134E900DD537F /* Debug */,
				8116FFA4121134E900DD537F /* Release */,
			);
			defaultConfigurationIsVisible = 0;
			defaultConfigurationName = Release;
		};
		8116FFA5121134E900DD537F /* Build configuration list for PBXNativeTarget "Meester" */ = {
			isa = XCConfigurationList;
			buildConfigurations = (
				8116FFA6121134E900DD537F /* Debug */,
				8116FFA7121134E900DD537F /* Release */,
			);
			defaultConfigurationIsVisible = 0;
			defaultConfigurationName = Release;
		};
/* End XCConfigurationList section */
	};
	rootObject = 8116FF7A121134E900DD537F /* Project object */;
}
