// !$*UTF8*$!
{
	archiveVersion = 1;
	classes = {
	};
	objectVersion = 46;
	objects = {

/* Begin PBXBuildFile section */
		8116FF8B121134E900DD537F /* UIKit.framework in Frameworks */ = {isa = PBXBuildFile; fileRef = 8116FF8A121134E900DD537F /* UIKit.framework */; };
		8116FF8D121134E900DD537F /* Foundation.framework in Frameworks */ = {isa = PBXBuildFile; fileRef = 8116FF8C121134E900DD537F /* Foundation.framework */; };
		8116FF8F121134E900DD537F /* CoreGraphics.framework in Frameworks */ = {isa = PBXBuildFile; fileRef = 8116FF8E121134E900DD537F /* CoreGraphics.framework */; };
		8116FF94121134E900DD537F /* InfoPlist.strings in Resources */ = {isa = PBXBuildFile; fileRef = 8116FF92121134E900DD537F /* InfoPlist.strings */; };
		8116FF96121134E900DD537F /* main.m in Sources */ = {isa = PBXBuildFile; fileRef = 8116FF95121134E900DD537F /* main.m */; };
		8116FF99121134E900DD537F /* MeesterAppDelegate.m in Sources */ = {isa = PBXBuildFile; fileRef = 8116FF98121134E900DD537F /* MeesterAppDelegate.m */; };
		8116FF9C121134E900DD537F /* MainWindow.xib in Resources */ = {isa = PBXBuildFile; fileRef = 8116FF9A121134E900DD537F /* MainWindow.xib */; };
		8116FF9F121134E900DD537F /* DocumentListViewController.m in Sources */ = {isa = PBXBuildFile; fileRef = 8116FF9E121134E900DD537F /* DocumentListViewController.m */; };
		8116FFA2121134E900DD537F /* DocumentListViewController.xib in Resources */ = {isa = PBXBuildFile; fileRef = 8116FFA0121134E900DD537F /* DocumentListViewController.xib */; };
		8137EC2D12142204006C1416 /* libASIHTTPRequest.a in Frameworks */ = {isa = PBXBuildFile; fileRef = 8137EC26121421AB006C1416 /* libASIHTTPRequest.a */; };
		8137EC3612142239006C1416 /* PLBlocks.framework in Frameworks */ = {isa = PBXBuildFile; fileRef = 8137EC3512142239006C1416 /* PLBlocks.framework */; };
		8137EC381214225E006C1416 /* PLBlocks.framework in CopyFiles */ = {isa = PBXBuildFile; fileRef = 8137EC3512142239006C1416 /* PLBlocks.framework */; };
		8137EC3C12142274006C1416 /* CFNetwork.framework in Frameworks */ = {isa = PBXBuildFile; fileRef = 8137EC3B12142274006C1416 /* CFNetwork.framework */; };
		8137EC3E1214228F006C1416 /* libz.1.2.3.dylib in Frameworks */ = {isa = PBXBuildFile; fileRef = 8137EC3D1214228F006C1416 /* libz.1.2.3.dylib */; };
		8137EC401214229D006C1416 /* SystemConfiguration.framework in Frameworks */ = {isa = PBXBuildFile; fileRef = 8137EC3F1214229D006C1416 /* SystemConfiguration.framework */; };
		8137EC42121422A6006C1416 /* MobileCoreServices.framework in Frameworks */ = {isa = PBXBuildFile; fileRef = 8137EC41121422A6006C1416 /* MobileCoreServices.framework */; };
		814AE0491211D40700457254 /* SwitchViewController.m in Sources */ = {isa = PBXBuildFile; fileRef = 814AE0481211D40700457254 /* SwitchViewController.m */; };
		814AE04E1211D55300457254 /* DocumentViewController.m in Sources */ = {isa = PBXBuildFile; fileRef = 814AE04D1211D55300457254 /* DocumentViewController.m */; };
		814AE0661211D59400457254 /* DocumentViewController.xib in Resources */ = {isa = PBXBuildFile; fileRef = 814AE0641211D59400457254 /* DocumentViewController.xib */; };
		8157845E12147E6C00067473 /* libxml2.dylib in Frameworks */ = {isa = PBXBuildFile; fileRef = 8157845D12147E6C00067473 /* libxml2.dylib */; };
		8178676D1213150F00D38BD3 /* libDataModel.a in Frameworks */ = {isa = PBXBuildFile; fileRef = 8178674F121313FC00D38BD3 /* libDataModel.a */; };
		817867BE1213158B00D38BD3 /* libLNDataSource.a in Frameworks */ = {isa = PBXBuildFile; fileRef = 817867BD1213157E00D38BD3 /* libLNDataSource.a */; };
		81B33A7E1215A20600A06317 /* ResolutionNotLoaded.png in Resources */ = {isa = PBXBuildFile; fileRef = 81B33A7D1215A20600A06317 /* ResolutionNotLoaded.png */; };
		81B33A801215A20F00A06317 /* SignatureNotLoaded.png in Resources */ = {isa = PBXBuildFile; fileRef = 81B33A7F1215A20F00A06317 /* SignatureNotLoaded.png */; };
		81B33AD41215A57400A06317 /* ResolutionError.png in Resources */ = {isa = PBXBuildFile; fileRef = 81B33AD21215A57400A06317 /* ResolutionError.png */; };
		81B33AD51215A57400A06317 /* SignatureError.png in Resources */ = {isa = PBXBuildFile; fileRef = 81B33AD31215A57400A06317 /* SignatureError.png */; };
		81DBAEC11212DCCE00207D6E /* AttachmentsViewController.m in Sources */ = {isa = PBXBuildFile; fileRef = 81DBAEC01212DCCE00207D6E /* AttachmentsViewController.m */; };
		81DBAEC41212DE0F00207D6E /* AttachmentCell.m in Sources */ = {isa = PBXBuildFile; fileRef = 81DBAEC31212DE0F00207D6E /* AttachmentCell.m */; };
		81DBAEFB1212E05600207D6E /* LoadingAttachment.png in Resources */ = {isa = PBXBuildFile; fileRef = 81DBAEFA1212E05600207D6E /* LoadingAttachment.png */; };
		81FC33C51216942D007F780E /* DocumentsGridDatasource.m in Sources */ = {isa = PBXBuildFile; fileRef = 81FC33C41216942D007F780E /* DocumentsGridDatasource.m */; };
		81FEA53212119ECD00A9ABD3 /* DocumentCell.m in Sources */ = {isa = PBXBuildFile; fileRef = 81FEA51412119ECD00A9ABD3 /* DocumentCell.m */; };
		81FEA53512119ECD00A9ABD3 /* AQGridView.m in Sources */ = {isa = PBXBuildFile; fileRef = 81FEA51D12119ECD00A9ABD3 /* AQGridView.m */; };
		81FEA53612119ECD00A9ABD3 /* AQGridViewAnimatorItem.m in Sources */ = {isa = PBXBuildFile; fileRef = 81FEA51F12119ECD00A9ABD3 /* AQGridViewAnimatorItem.m */; };
		81FEA53712119ECD00A9ABD3 /* AQGridViewCell.m in Sources */ = {isa = PBXBuildFile; fileRef = 81FEA52212119ECD00A9ABD3 /* AQGridViewCell.m */; };
		81FEA53812119ECD00A9ABD3 /* AQGridViewController.m in Sources */ = {isa = PBXBuildFile; fileRef = 81FEA52412119ECD00A9ABD3 /* AQGridViewController.m */; };
		81FEA53912119ECD00A9ABD3 /* AQGridViewData.m in Sources */ = {isa = PBXBuildFile; fileRef = 81FEA52612119ECD00A9ABD3 /* AQGridViewData.m */; };
		81FEA53A12119ECD00A9ABD3 /* AQGridViewUpdateInfo.m in Sources */ = {isa = PBXBuildFile; fileRef = 81FEA52812119ECD00A9ABD3 /* AQGridViewUpdateInfo.m */; };
		81FEA53B12119ECD00A9ABD3 /* AQGridViewUpdateItem.m in Sources */ = {isa = PBXBuildFile; fileRef = 81FEA52A12119ECD00A9ABD3 /* AQGridViewUpdateItem.m */; };
		81FEA53C12119ECD00A9ABD3 /* NSIndexSet+AQIndexesOutsideSet.m in Sources */ = {isa = PBXBuildFile; fileRef = 81FEA52C12119ECD00A9ABD3 /* NSIndexSet+AQIndexesOutsideSet.m */; };
		81FEA53D12119ECD00A9ABD3 /* NSIndexSet+AQIsSetContiguous.m in Sources */ = {isa = PBXBuildFile; fileRef = 81FEA52E12119ECD00A9ABD3 /* NSIndexSet+AQIsSetContiguous.m */; };
		81FEA53E12119ECD00A9ABD3 /* UIColor+AQGridView.m in Sources */ = {isa = PBXBuildFile; fileRef = 81FEA53012119ECD00A9ABD3 /* UIColor+AQGridView.m */; };
		81FEA54A12119EE500A9ABD3 /* DocListBackground.jpg in Resources */ = {isa = PBXBuildFile; fileRef = 81FEA54112119EE500A9ABD3 /* DocListBackground.jpg */; };
		81FEA54B12119EE500A9ABD3 /* AQGridSelection.png in Resources */ = {isa = PBXBuildFile; fileRef = 81FEA54312119EE500A9ABD3 /* AQGridSelection.png */; };
		81FEA54C12119EE500A9ABD3 /* AQGridSelectionGray.png in Resources */ = {isa = PBXBuildFile; fileRef = 81FEA54412119EE500A9ABD3 /* AQGridSelectionGray.png */; };
		81FEA54D12119EE500A9ABD3 /* AQGridSelectionGrayBlue.png in Resources */ = {isa = PBXBuildFile; fileRef = 81FEA54512119EE500A9ABD3 /* AQGridSelectionGrayBlue.png */; };
		81FEA54E12119EE500A9ABD3 /* AQGridSelectionGreen.png in Resources */ = {isa = PBXBuildFile; fileRef = 81FEA54612119EE500A9ABD3 /* AQGridSelectionGreen.png */; };
		81FEA54F12119EE500A9ABD3 /* AQGridSelectionRed.png in Resources */ = {isa = PBXBuildFile; fileRef = 81FEA54712119EE500A9ABD3 /* AQGridSelectionRed.png */; };
		81FEA55012119EE500A9ABD3 /* Resolution.png in Resources */ = {isa = PBXBuildFile; fileRef = 81FEA54812119EE500A9ABD3 /* Resolution.png */; };
		81FEA55112119EE500A9ABD3 /* Signature.png in Resources */ = {isa = PBXBuildFile; fileRef = 81FEA54912119EE500A9ABD3 /* Signature.png */; };
		81FEA55412119F0900A9ABD3 /* QuartzCore.framework in Frameworks */ = {isa = PBXBuildFile; fileRef = 81FEA55312119F0900A9ABD3 /* QuartzCore.framework */; };
/* End PBXBuildFile section */

/* Begin PBXContainerItemProxy section */
		8137EC25121421AB006C1416 /* PBXContainerItemProxy */ = {
			isa = PBXContainerItemProxy;
			containerPortal = 8137EC21121421AB006C1416 /* ASIHTTPRequest.xcodeproj */;
			proxyType = 2;
			remoteGlobalIDString = D2AAC07E0554694100DB518D;
			remoteInfo = ASIHTTPRequest;
		};
		8169414412140748005AE9FE /* PBXContainerItemProxy */ = {
			isa = PBXContainerItemProxy;
			containerPortal = 817867B51213157E00D38BD3 /* LNDataSource.xcodeproj */;
			proxyType = 2;
			remoteGlobalIDString = BD80A3A20F894C7F0067878C;
			remoteInfo = UnitTest;
		};
		8178674E121313FC00D38BD3 /* PBXContainerItemProxy */ = {
			isa = PBXContainerItemProxy;
			containerPortal = 81786747121313FC00D38BD3 /* DataModel.xcodeproj */;
			proxyType = 2;
			remoteGlobalIDString = D2AAC07E0554694100DB518D;
			remoteInfo = DataModel;
		};
		817867501213140100D38BD3 /* PBXContainerItemProxy */ = {
			isa = PBXContainerItemProxy;
			containerPortal = 81786747121313FC00D38BD3 /* DataModel.xcodeproj */;
			proxyType = 1;
			remoteGlobalIDString = D2AAC07D0554694100DB518D;
			remoteInfo = DataModel;
		};
		817867BC1213157E00D38BD3 /* PBXContainerItemProxy */ = {
			isa = PBXContainerItemProxy;
			containerPortal = 817867B51213157E00D38BD3 /* LNDataSource.xcodeproj */;
			proxyType = 2;
			remoteGlobalIDString = D2AAC07E0554694100DB518D;
			remoteInfo = LNDataSource;
		};
/* End PBXContainerItemProxy section */

/* Begin PBXCopyFilesBuildPhase section */
		8137EC3A12142263006C1416 /* CopyFiles */ = {
			isa = PBXCopyFilesBuildPhase;
			buildActionMask = 2147483647;
			dstPath = "";
			dstSubfolderSpec = 10;
			files = (
				8137EC381214225E006C1416 /* PLBlocks.framework in CopyFiles */,
			);
			runOnlyForDeploymentPostprocessing = 0;
		};
/* End PBXCopyFilesBuildPhase section */

/* Begin PBXFileReference section */
		8116FF87121134E900DD537F /* Meester.app */ = {isa = PBXFileReference; explicitFileType = wrapper.application; includeInIndex = 0; path = Meester.app; sourceTree = BUILT_PRODUCTS_DIR; };
		8116FF8A121134E900DD537F /* UIKit.framework */ = {isa = PBXFileReference; lastKnownFileType = wrapper.framework; name = UIKit.framework; path = System/Library/Frameworks/UIKit.framework; sourceTree = SDKROOT; };
		8116FF8C121134E900DD537F /* Foundation.framework */ = {isa = PBXFileReference; lastKnownFileType = wrapper.framework; name = Foundation.framework; path = System/Library/Frameworks/Foundation.framework; sourceTree = SDKROOT; };
		8116FF8E121134E900DD537F /* CoreGraphics.framework */ = {isa = PBXFileReference; lastKnownFileType = wrapper.framework; name = CoreGraphics.framework; path = System/Library/Frameworks/CoreGraphics.framework; sourceTree = SDKROOT; };
		8116FF90121134E900DD537F /* Meester-Info.plist */ = {isa = PBXFileReference; lastKnownFileType = text.plist.xml; path = "Meester-Info.plist"; sourceTree = "<group>"; };
		8116FF91121134E900DD537F /* Meester_Prefix.pch */ = {isa = PBXFileReference; lastKnownFileType = sourcecode.c.h; path = Meester_Prefix.pch; sourceTree = "<group>"; };
		8116FF93121134E900DD537F /* en */ = {isa = PBXFileReference; lastKnownFileType = text.plist.strings; name = en; path = en.lproj/InfoPlist.strings; sourceTree = "<group>"; };
		8116FF95121134E900DD537F /* main.m */ = {isa = PBXFileReference; lastKnownFileType = sourcecode.c.objc; path = main.m; sourceTree = "<group>"; };
		8116FF97121134E900DD537F /* MeesterAppDelegate.h */ = {isa = PBXFileReference; lastKnownFileType = sourcecode.c.h; path = MeesterAppDelegate.h; sourceTree = "<group>"; };
		8116FF98121134E900DD537F /* MeesterAppDelegate.m */ = {isa = PBXFileReference; lastKnownFileType = sourcecode.c.objc; path = MeesterAppDelegate.m; sourceTree = "<group>"; };
		8116FF9B121134E900DD537F /* en */ = {isa = PBXFileReference; lastKnownFileType = file.xib; name = en; path = en.lproj/MainWindow.xib; sourceTree = "<group>"; };
		8116FF9D121134E900DD537F /* DocumentListViewController.h */ = {isa = PBXFileReference; lastKnownFileType = sourcecode.c.h; path = DocumentListViewController.h; sourceTree = "<group>"; };
		8116FF9E121134E900DD537F /* DocumentListViewController.m */ = {isa = PBXFileReference; lastKnownFileType = sourcecode.c.objc; path = DocumentListViewController.m; sourceTree = "<group>"; };
		8116FFA1121134E900DD537F /* en */ = {isa = PBXFileReference; lastKnownFileType = file.xib; name = en; path = en.lproj/DocumentListViewController.xib; sourceTree = "<group>"; };
		8137EC21121421AB006C1416 /* ASIHTTPRequest.xcodeproj */ = {isa = PBXFileReference; lastKnownFileType = "wrapper.pb-project"; name = ASIHTTPRequest.xcodeproj; path = thirdparty/ASIHTTPRequest/ASIHTTPRequest.xcodeproj; sourceTree = "<group>"; };
		8137EC3512142239006C1416 /* PLBlocks.framework */ = {isa = PBXFileReference; lastKnownFileType = wrapper.framework; name = PLBlocks.framework; path = thirdparty/PLBlocks.framework; sourceTree = "<group>"; };
		8137EC3B12142274006C1416 /* CFNetwork.framework */ = {isa = PBXFileReference; lastKnownFileType = wrapper.framework; name = CFNetwork.framework; path = System/Library/Frameworks/CFNetwork.framework; sourceTree = SDKROOT; };
		8137EC3D1214228F006C1416 /* libz.1.2.3.dylib */ = {isa = PBXFileReference; lastKnownFileType = "compiled.mach-o.dylib"; name = libz.1.2.3.dylib; path = usr/lib/libz.1.2.3.dylib; sourceTree = SDKROOT; };
		8137EC3F1214229D006C1416 /* SystemConfiguration.framework */ = {isa = PBXFileReference; lastKnownFileType = wrapper.framework; name = SystemConfiguration.framework; path = System/Library/Frameworks/SystemConfiguration.framework; sourceTree = SDKROOT; };
		8137EC41121422A6006C1416 /* MobileCoreServices.framework */ = {isa = PBXFileReference; lastKnownFileType = wrapper.framework; name = MobileCoreServices.framework; path = System/Library/Frameworks/MobileCoreServices.framework; sourceTree = SDKROOT; };
		814AE0471211D40700457254 /* SwitchViewController.h */ = {isa = PBXFileReference; fileEncoding = 4; lastKnownFileType = sourcecode.c.h; path = SwitchViewController.h; sourceTree = "<group>"; };
		814AE0481211D40700457254 /* SwitchViewController.m */ = {isa = PBXFileReference; fileEncoding = 4; lastKnownFileType = sourcecode.c.objc; path = SwitchViewController.m; sourceTree = "<group>"; };
		814AE04C1211D55300457254 /* DocumentViewController.h */ = {isa = PBXFileReference; fileEncoding = 4; lastKnownFileType = sourcecode.c.h; path = DocumentViewController.h; sourceTree = "<group>"; };
		814AE04D1211D55300457254 /* DocumentViewController.m */ = {isa = PBXFileReference; fileEncoding = 4; lastKnownFileType = sourcecode.c.objc; path = DocumentViewController.m; sourceTree = "<group>"; };
		814AE0651211D59400457254 /* en */ = {isa = PBXFileReference; lastKnownFileType = file.xib; name = en; path = en.lproj/DocumentViewController.xib; sourceTree = "<group>"; };
		8157845D12147E6C00067473 /* libxml2.dylib */ = {isa = PBXFileReference; lastKnownFileType = "compiled.mach-o.dylib"; name = libxml2.dylib; path = usr/lib/libxml2.dylib; sourceTree = SDKROOT; };
		81786747121313FC00D38BD3 /* DataModel.xcodeproj */ = {isa = PBXFileReference; lastKnownFileType = "wrapper.pb-project"; name = DataModel.xcodeproj; path = DataModel/DataModel.xcodeproj; sourceTree = "<group>"; };
		817867B51213157E00D38BD3 /* LNDataSource.xcodeproj */ = {isa = PBXFileReference; lastKnownFileType = "wrapper.pb-project"; name = LNDataSource.xcodeproj; path = LNDataSource/LNDataSource.xcodeproj; sourceTree = "<group>"; };
		81B33A7D1215A20600A06317 /* ResolutionNotLoaded.png */ = {isa = PBXFileReference; lastKnownFileType = image.png; path = ResolutionNotLoaded.png; sourceTree = "<group>"; };
		81B33A7F1215A20F00A06317 /* SignatureNotLoaded.png */ = {isa = PBXFileReference; lastKnownFileType = image.png; path = SignatureNotLoaded.png; sourceTree = "<group>"; };
		81B33AD21215A57400A06317 /* ResolutionError.png */ = {isa = PBXFileReference; lastKnownFileType = image.png; path = ResolutionError.png; sourceTree = "<group>"; };
		81B33AD31215A57400A06317 /* SignatureError.png */ = {isa = PBXFileReference; lastKnownFileType = image.png; path = SignatureError.png; sourceTree = "<group>"; };
		81DBAEBF1212DCCE00207D6E /* AttachmentsViewController.h */ = {isa = PBXFileReference; fileEncoding = 4; lastKnownFileType = sourcecode.c.h; path = AttachmentsViewController.h; sourceTree = "<group>"; };
		81DBAEC01212DCCE00207D6E /* AttachmentsViewController.m */ = {isa = PBXFileReference; fileEncoding = 4; lastKnownFileType = sourcecode.c.objc; path = AttachmentsViewController.m; sourceTree = "<group>"; };
		81DBAEC21212DE0F00207D6E /* AttachmentCell.h */ = {isa = PBXFileReference; fileEncoding = 4; lastKnownFileType = sourcecode.c.h; path = AttachmentCell.h; sourceTree = "<group>"; };
		81DBAEC31212DE0F00207D6E /* AttachmentCell.m */ = {isa = PBXFileReference; fileEncoding = 4; lastKnownFileType = sourcecode.c.objc; path = AttachmentCell.m; sourceTree = "<group>"; };
		81DBAEFA1212E05600207D6E /* LoadingAttachment.png */ = {isa = PBXFileReference; lastKnownFileType = image.png; path = LoadingAttachment.png; sourceTree = "<group>"; };
		81FC33C31216942D007F780E /* DocumentsGridDatasource.h */ = {isa = PBXFileReference; fileEncoding = 4; lastKnownFileType = sourcecode.c.h; path = DocumentsGridDatasource.h; sourceTree = "<group>"; };
		81FC33C41216942D007F780E /* DocumentsGridDatasource.m */ = {isa = PBXFileReference; fileEncoding = 4; lastKnownFileType = sourcecode.c.objc; path = DocumentsGridDatasource.m; sourceTree = "<group>"; };
		81FEA51312119ECD00A9ABD3 /* DocumentCell.h */ = {isa = PBXFileReference; fileEncoding = 4; lastKnownFileType = sourcecode.c.h; path = DocumentCell.h; sourceTree = "<group>"; };
		81FEA51412119ECD00A9ABD3 /* DocumentCell.m */ = {isa = PBXFileReference; fileEncoding = 4; lastKnownFileType = sourcecode.c.objc; path = DocumentCell.m; sourceTree = "<group>"; };
		81FEA51A12119ECD00A9ABD3 /* AQGridView+CellLayout.h */ = {isa = PBXFileReference; fileEncoding = 4; lastKnownFileType = sourcecode.c.h; path = "AQGridView+CellLayout.h"; sourceTree = "<group>"; };
		81FEA51B12119ECD00A9ABD3 /* AQGridView+CellLocationDelegation.h */ = {isa = PBXFileReference; fileEncoding = 4; lastKnownFileType = sourcecode.c.h; path = "AQGridView+CellLocationDelegation.h"; sourceTree = "<group>"; };
		81FEA51C12119ECD00A9ABD3 /* AQGridView.h */ = {isa = PBXFileReference; fileEncoding = 4; lastKnownFileType = sourcecode.c.h; path = AQGridView.h; sourceTree = "<group>"; };
		81FEA51D12119ECD00A9ABD3 /* AQGridView.m */ = {isa = PBXFileReference; fileEncoding = 4; lastKnownFileType = sourcecode.c.objc; path = AQGridView.m; sourceTree = "<group>"; };
		81FEA51E12119ECD00A9ABD3 /* AQGridViewAnimatorItem.h */ = {isa = PBXFileReference; fileEncoding = 4; lastKnownFileType = sourcecode.c.h; path = AQGridViewAnimatorItem.h; sourceTree = "<group>"; };
		81FEA51F12119ECD00A9ABD3 /* AQGridViewAnimatorItem.m */ = {isa = PBXFileReference; fileEncoding = 4; lastKnownFileType = sourcecode.c.objc; path = AQGridViewAnimatorItem.m; sourceTree = "<group>"; };
		81FEA52012119ECD00A9ABD3 /* AQGridViewCell+AQGridViewCellPrivate.h */ = {isa = PBXFileReference; fileEncoding = 4; lastKnownFileType = sourcecode.c.h; path = "AQGridViewCell+AQGridViewCellPrivate.h"; sourceTree = "<group>"; };
		81FEA52112119ECD00A9ABD3 /* AQGridViewCell.h */ = {isa = PBXFileReference; fileEncoding = 4; lastKnownFileType = sourcecode.c.h; path = AQGridViewCell.h; sourceTree = "<group>"; };
		81FEA52212119ECD00A9ABD3 /* AQGridViewCell.m */ = {isa = PBXFileReference; fileEncoding = 4; lastKnownFileType = sourcecode.c.objc; path = AQGridViewCell.m; sourceTree = "<group>"; };
		81FEA52312119ECD00A9ABD3 /* AQGridViewController.h */ = {isa = PBXFileReference; fileEncoding = 4; lastKnownFileType = sourcecode.c.h; path = AQGridViewController.h; sourceTree = "<group>"; };
		81FEA52412119ECD00A9ABD3 /* AQGridViewController.m */ = {isa = PBXFileReference; fileEncoding = 4; lastKnownFileType = sourcecode.c.objc; path = AQGridViewController.m; sourceTree = "<group>"; };
		81FEA52512119ECD00A9ABD3 /* AQGridViewData.h */ = {isa = PBXFileReference; fileEncoding = 4; lastKnownFileType = sourcecode.c.h; path = AQGridViewData.h; sourceTree = "<group>"; };
		81FEA52612119ECD00A9ABD3 /* AQGridViewData.m */ = {isa = PBXFileReference; fileEncoding = 4; lastKnownFileType = sourcecode.c.objc; path = AQGridViewData.m; sourceTree = "<group>"; };
		81FEA52712119ECD00A9ABD3 /* AQGridViewUpdateInfo.h */ = {isa = PBXFileReference; fileEncoding = 4; lastKnownFileType = sourcecode.c.h; path = AQGridViewUpdateInfo.h; sourceTree = "<group>"; };
		81FEA52812119ECD00A9ABD3 /* AQGridViewUpdateInfo.m */ = {isa = PBXFileReference; fileEncoding = 4; lastKnownFileType = sourcecode.c.objc; path = AQGridViewUpdateInfo.m; sourceTree = "<group>"; };
		81FEA52912119ECD00A9ABD3 /* AQGridViewUpdateItem.h */ = {isa = PBXFileReference; fileEncoding = 4; lastKnownFileType = sourcecode.c.h; path = AQGridViewUpdateItem.h; sourceTree = "<group>"; };
		81FEA52A12119ECD00A9ABD3 /* AQGridViewUpdateItem.m */ = {isa = PBXFileReference; fileEncoding = 4; lastKnownFileType = sourcecode.c.objc; path = AQGridViewUpdateItem.m; sourceTree = "<group>"; };
		81FEA52B12119ECD00A9ABD3 /* NSIndexSet+AQIndexesOutsideSet.h */ = {isa = PBXFileReference; fileEncoding = 4; lastKnownFileType = sourcecode.c.h; path = "NSIndexSet+AQIndexesOutsideSet.h"; sourceTree = "<group>"; };
		81FEA52C12119ECD00A9ABD3 /* NSIndexSet+AQIndexesOutsideSet.m */ = {isa = PBXFileReference; fileEncoding = 4; lastKnownFileType = sourcecode.c.objc; path = "NSIndexSet+AQIndexesOutsideSet.m"; sourceTree = "<group>"; };
		81FEA52D12119ECD00A9ABD3 /* NSIndexSet+AQIsSetContiguous.h */ = {isa = PBXFileReference; fileEncoding = 4; lastKnownFileType = sourcecode.c.h; path = "NSIndexSet+AQIsSetContiguous.h"; sourceTree = "<group>"; };
		81FEA52E12119ECD00A9ABD3 /* NSIndexSet+AQIsSetContiguous.m */ = {isa = PBXFileReference; fileEncoding = 4; lastKnownFileType = sourcecode.c.objc; path = "NSIndexSet+AQIsSetContiguous.m"; sourceTree = "<group>"; };
		81FEA52F12119ECD00A9ABD3 /* UIColor+AQGridView.h */ = {isa = PBXFileReference; fileEncoding = 4; lastKnownFileType = sourcecode.c.h; path = "UIColor+AQGridView.h"; sourceTree = "<group>"; };
		81FEA53012119ECD00A9ABD3 /* UIColor+AQGridView.m */ = {isa = PBXFileReference; fileEncoding = 4; lastKnownFileType = sourcecode.c.objc; path = "UIColor+AQGridView.m"; sourceTree = "<group>"; };
		81FEA54112119EE500A9ABD3 /* DocListBackground.jpg */ = {isa = PBXFileReference; lastKnownFileType = image.jpeg; path = DocListBackground.jpg; sourceTree = "<group>"; };
		81FEA54312119EE500A9ABD3 /* AQGridSelection.png */ = {isa = PBXFileReference; lastKnownFileType = image.png; path = AQGridSelection.png; sourceTree = "<group>"; };
		81FEA54412119EE500A9ABD3 /* AQGridSelectionGray.png */ = {isa = PBXFileReference; lastKnownFileType = image.png; path = AQGridSelectionGray.png; sourceTree = "<group>"; };
		81FEA54512119EE500A9ABD3 /* AQGridSelectionGrayBlue.png */ = {isa = PBXFileReference; lastKnownFileType = image.png; path = AQGridSelectionGrayBlue.png; sourceTree = "<group>"; };
		81FEA54612119EE500A9ABD3 /* AQGridSelectionGreen.png */ = {isa = PBXFileReference; lastKnownFileType = image.png; path = AQGridSelectionGreen.png; sourceTree = "<group>"; };
		81FEA54712119EE500A9ABD3 /* AQGridSelectionRed.png */ = {isa = PBXFileReference; lastKnownFileType = image.png; path = AQGridSelectionRed.png; sourceTree = "<group>"; };
		81FEA54812119EE500A9ABD3 /* Resolution.png */ = {isa = PBXFileReference; lastKnownFileType = image.png; path = Resolution.png; sourceTree = "<group>"; };
		81FEA54912119EE500A9ABD3 /* Signature.png */ = {isa = PBXFileReference; lastKnownFileType = image.png; path = Signature.png; sourceTree = "<group>"; };
		81FEA55312119F0900A9ABD3 /* QuartzCore.framework */ = {isa = PBXFileReference; lastKnownFileType = wrapper.framework; name = QuartzCore.framework; path = System/Library/Frameworks/QuartzCore.framework; sourceTree = SDKROOT; };
/* End PBXFileReference section */

/* Begin PBXFrameworksBuildPhase section */
		8116FF84121134E900DD537F /* Frameworks */ = {
			isa = PBXFrameworksBuildPhase;
			buildActionMask = 2147483647;
			files = (
				8137EC2D12142204006C1416 /* libASIHTTPRequest.a in Frameworks */,
				817867BE1213158B00D38BD3 /* libLNDataSource.a in Frameworks */,
				8178676D1213150F00D38BD3 /* libDataModel.a in Frameworks */,
				8116FF8B121134E900DD537F /* UIKit.framework in Frameworks */,
				8116FF8D121134E900DD537F /* Foundation.framework in Frameworks */,
				8116FF8F121134E900DD537F /* CoreGraphics.framework in Frameworks */,
				81FEA55412119F0900A9ABD3 /* QuartzCore.framework in Frameworks */,
				8137EC3612142239006C1416 /* PLBlocks.framework in Frameworks */,
				8137EC3C12142274006C1416 /* CFNetwork.framework in Frameworks */,
				8137EC3E1214228F006C1416 /* libz.1.2.3.dylib in Frameworks */,
				8137EC401214229D006C1416 /* SystemConfiguration.framework in Frameworks */,
				8137EC42121422A6006C1416 /* MobileCoreServices.framework in Frameworks */,
				8157845E12147E6C00067473 /* libxml2.dylib in Frameworks */,
			);
			runOnlyForDeploymentPostprocessing = 0;
		};
/* End PBXFrameworksBuildPhase section */

/* Begin PBXGroup section */
		8116FF78121134E900DD537F = {
			isa = PBXGroup;
			children = (
				8116FF7F121134E900DD537F /* Classes */,
				8116FF80121134E900DD537F /* Other Sources */,
				8116FF81121134E900DD537F /* Resources */,
				8116FF82121134E900DD537F /* Frameworks */,
				8116FF88121134E900DD537F /* Products */,
			);
			sourceTree = "<group>";
		};
		8116FF7F121134E900DD537F /* Classes */ = {
			isa = PBXGroup;
			children = (
				81DBAEC21212DE0F00207D6E /* AttachmentCell.h */,
				81DBAEC31212DE0F00207D6E /* AttachmentCell.m */,
				814AE0471211D40700457254 /* SwitchViewController.h */,
				814AE0481211D40700457254 /* SwitchViewController.m */,
				81FEA51312119ECD00A9ABD3 /* DocumentCell.h */,
				81FEA51412119ECD00A9ABD3 /* DocumentCell.m */,
				8116FF97121134E900DD537F /* MeesterAppDelegate.h */,
				8116FF98121134E900DD537F /* MeesterAppDelegate.m */,
				8116FF9D121134E900DD537F /* DocumentListViewController.h */,
				8116FF9E121134E900DD537F /* DocumentListViewController.m */,
				814AE04C1211D55300457254 /* DocumentViewController.h */,
				814AE04D1211D55300457254 /* DocumentViewController.m */,
				81DBAEBF1212DCCE00207D6E /* AttachmentsViewController.h */,
				81DBAEC01212DCCE00207D6E /* AttachmentsViewController.m */,
				81FC33C31216942D007F780E /* DocumentsGridDatasource.h */,
				81FC33C41216942D007F780E /* DocumentsGridDatasource.m */,
				81FEA51912119ECD00A9ABD3 /* GridView */,
			);
			path = Classes;
			sourceTree = "<group>";
		};
		8116FF80121134E900DD537F /* Other Sources */ = {
			isa = PBXGroup;
			children = (
				8137EC21121421AB006C1416 /* ASIHTTPRequest.xcodeproj */,
				817867B51213157E00D38BD3 /* LNDataSource.xcodeproj */,
				81786747121313FC00D38BD3 /* DataModel.xcodeproj */,
				8116FF91121134E900DD537F /* Meester_Prefix.pch */,
				8116FF95121134E900DD537F /* main.m */,
			);
			name = "Other Sources";
			sourceTree = "<group>";
		};
		8116FF81121134E900DD537F /* Resources */ = {
			isa = PBXGroup;
			children = (
				81FEA54012119EE500A9ABD3 /* images */,
				8116FF90121134E900DD537F /* Meester-Info.plist */,
				8116FF92121134E900DD537F /* InfoPlist.strings */,
				8116FF9A121134E900DD537F /* MainWindow.xib */,
				814AE0641211D59400457254 /* DocumentViewController.xib */,
				8116FFA0121134E900DD537F /* DocumentListViewController.xib */,
			);
			name = Resources;
			sourceTree = "<group>";
		};
		8116FF82121134E900DD537F /* Frameworks */ = {
			isa = PBXGroup;
			children = (
				8137EC3512142239006C1416 /* PLBlocks.framework */,
				81FEA55312119F0900A9ABD3 /* QuartzCore.framework */,
				8116FF8A121134E900DD537F /* UIKit.framework */,
				8116FF8C121134E900DD537F /* Foundation.framework */,
				8116FF8E121134E900DD537F /* CoreGraphics.framework */,
				8137EC3B12142274006C1416 /* CFNetwork.framework */,
				8137EC3D1214228F006C1416 /* libz.1.2.3.dylib */,
				8137EC3F1214229D006C1416 /* SystemConfiguration.framework */,
				8137EC41121422A6006C1416 /* MobileCoreServices.framework */,
				8157845D12147E6C00067473 /* libxml2.dylib */,
			);
			name = Frameworks;
			sourceTree = "<group>";
		};
		8116FF88121134E900DD537F /* Products */ = {
			isa = PBXGroup;
			children = (
				8116FF87121134E900DD537F /* Meester.app */,
			);
			name = Products;
			sourceTree = "<group>";
		};
		8137EC22121421AB006C1416 /* Products */ = {
			isa = PBXGroup;
			children = (
				8137EC26121421AB006C1416 /* libASIHTTPRequest.a */,
			);
			name = Products;
			sourceTree = "<group>";
		};
		81786748121313FC00D38BD3 /* Products */ = {
			isa = PBXGroup;
			children = (
				8178674F121313FC00D38BD3 /* libDataModel.a */,
			);
			name = Products;
			sourceTree = "<group>";
		};
		817867B61213157E00D38BD3 /* Products */ = {
			isa = PBXGroup;
			children = (
				817867BD1213157E00D38BD3 /* libLNDataSource.a */,
				8169414512140748005AE9FE /* UnitTest.app */,
			);
			name = Products;
			sourceTree = "<group>";
		};
		81FEA51912119ECD00A9ABD3 /* GridView */ = {
			isa = PBXGroup;
			children = (
				81FEA51A12119ECD00A9ABD3 /* AQGridView+CellLayout.h */,
				81FEA51B12119ECD00A9ABD3 /* AQGridView+CellLocationDelegation.h */,
				81FEA51C12119ECD00A9ABD3 /* AQGridView.h */,
				81FEA51D12119ECD00A9ABD3 /* AQGridView.m */,
				81FEA51E12119ECD00A9ABD3 /* AQGridViewAnimatorItem.h */,
				81FEA51F12119ECD00A9ABD3 /* AQGridViewAnimatorItem.m */,
				81FEA52012119ECD00A9ABD3 /* AQGridViewCell+AQGridViewCellPrivate.h */,
				81FEA52112119ECD00A9ABD3 /* AQGridViewCell.h */,
				81FEA52212119ECD00A9ABD3 /* AQGridViewCell.m */,
				81FEA52312119ECD00A9ABD3 /* AQGridViewController.h */,
				81FEA52412119ECD00A9ABD3 /* AQGridViewController.m */,
				81FEA52512119ECD00A9ABD3 /* AQGridViewData.h */,
				81FEA52612119ECD00A9ABD3 /* AQGridViewData.m */,
				81FEA52712119ECD00A9ABD3 /* AQGridViewUpdateInfo.h */,
				81FEA52812119ECD00A9ABD3 /* AQGridViewUpdateInfo.m */,
				81FEA52912119ECD00A9ABD3 /* AQGridViewUpdateItem.h */,
				81FEA52A12119ECD00A9ABD3 /* AQGridViewUpdateItem.m */,
				81FEA52B12119ECD00A9ABD3 /* NSIndexSet+AQIndexesOutsideSet.h */,
				81FEA52C12119ECD00A9ABD3 /* NSIndexSet+AQIndexesOutsideSet.m */,
				81FEA52D12119ECD00A9ABD3 /* NSIndexSet+AQIsSetContiguous.h */,
				81FEA52E12119ECD00A9ABD3 /* NSIndexSet+AQIsSetContiguous.m */,
				81FEA52F12119ECD00A9ABD3 /* UIColor+AQGridView.h */,
				81FEA53012119ECD00A9ABD3 /* UIColor+AQGridView.m */,
			);
			path = GridView;
			sourceTree = "<group>";
		};
		81FEA54012119EE500A9ABD3 /* images */ = {
			isa = PBXGroup;
			children = (
				81B33AD21215A57400A06317 /* ResolutionError.png */,
				81B33AD31215A57400A06317 /* SignatureError.png */,
				81B33A7F1215A20F00A06317 /* SignatureNotLoaded.png */,
				81B33A7D1215A20600A06317 /* ResolutionNotLoaded.png */,
				81DBAEFA1212E05600207D6E /* LoadingAttachment.png */,
				81FEA54112119EE500A9ABD3 /* DocListBackground.jpg */,
				81FEA54812119EE500A9ABD3 /* Resolution.png */,
				81FEA54912119EE500A9ABD3 /* Signature.png */,
				81FEA54212119EE500A9ABD3 /* GridView */,
			);
			path = images;
			sourceTree = "<group>";
		};
		81FEA54212119EE500A9ABD3 /* GridView */ = {
			isa = PBXGroup;
			children = (
				81FEA54312119EE500A9ABD3 /* AQGridSelection.png */,
				81FEA54412119EE500A9ABD3 /* AQGridSelectionGray.png */,
				81FEA54512119EE500A9ABD3 /* AQGridSelectionGrayBlue.png */,
				81FEA54612119EE500A9ABD3 /* AQGridSelectionGreen.png */,
				81FEA54712119EE500A9ABD3 /* AQGridSelectionRed.png */,
			);
			path = GridView;
			sourceTree = "<group>";
		};
/* End PBXGroup section */

/* Begin PBXNativeTarget section */
		8116FF86121134E900DD537F /* Meester */ = {
			isa = PBXNativeTarget;
			buildConfigurationList = 8116FFA5121134E900DD537F /* Build configuration list for PBXNativeTarget "Meester" */;
			buildPhases = (
				8116FF83121134E900DD537F /* Sources */,
				8116FF84121134E900DD537F /* Frameworks */,
				8116FF85121134E900DD537F /* Resources */,
				8137EC3A12142263006C1416 /* CopyFiles */,
			);
			buildRules = (
			);
			dependencies = (
				817867511213140100D38BD3 /* PBXTargetDependency */,
			);
			name = Meester;
			productName = Meester;
			productReference = 8116FF87121134E900DD537F /* Meester.app */;
			productType = "com.apple.product-type.application";
		};
/* End PBXNativeTarget section */

/* Begin PBXProject section */
		8116FF7A121134E900DD537F /* Project object */ = {
			isa = PBXProject;
			buildConfigurationList = 8116FF7D121134E900DD537F /* Build configuration list for PBXProject "Meester" */;
			compatibilityVersion = "Xcode 3.2";
			hasScannedForEncodings = 0;
			knownRegions = (
				en,
			);
			mainGroup = 8116FF78121134E900DD537F;
			productRefGroup = 8116FF88121134E900DD537F /* Products */;
			projectDirPath = "";
			projectReferences = (
				{
					ProductGroup = 8137EC22121421AB006C1416 /* Products */;
					ProjectRef = 8137EC21121421AB006C1416 /* ASIHTTPRequest.xcodeproj */;
				},
				{
					ProductGroup = 81786748121313FC00D38BD3 /* Products */;
					ProjectRef = 81786747121313FC00D38BD3 /* DataModel.xcodeproj */;
				},
				{
					ProductGroup = 817867B61213157E00D38BD3 /* Products */;
					ProjectRef = 817867B51213157E00D38BD3 /* LNDataSource.xcodeproj */;
				},
			);
			projectRoot = "";
			targets = (
				8116FF86121134E900DD537F /* Meester */,
			);
		};
/* End PBXProject section */

/* Begin PBXReferenceProxy section */
		8137EC26121421AB006C1416 /* libASIHTTPRequest.a */ = {
			isa = PBXReferenceProxy;
			fileType = archive.ar;
			path = libASIHTTPRequest.a;
			remoteRef = 8137EC25121421AB006C1416 /* PBXContainerItemProxy */;
			sourceTree = BUILT_PRODUCTS_DIR;
		};
		8169414512140748005AE9FE /* UnitTest.app */ = {
			isa = PBXReferenceProxy;
			fileType = wrapper.application;
			path = UnitTest.app;
			remoteRef = 8169414412140748005AE9FE /* PBXContainerItemProxy */;
			sourceTree = BUILT_PRODUCTS_DIR;
		};
		8178674F121313FC00D38BD3 /* libDataModel.a */ = {
			isa = PBXReferenceProxy;
			fileType = archive.ar;
			path = libDataModel.a;
			remoteRef = 8178674E121313FC00D38BD3 /* PBXContainerItemProxy */;
			sourceTree = BUILT_PRODUCTS_DIR;
		};
		817867BD1213157E00D38BD3 /* libLNDataSource.a */ = {
			isa = PBXReferenceProxy;
			fileType = archive.ar;
			path = libLNDataSource.a;
			remoteRef = 817867BC1213157E00D38BD3 /* PBXContainerItemProxy */;
			sourceTree = BUILT_PRODUCTS_DIR;
		};
/* End PBXReferenceProxy section */

/* Begin PBXResourcesBuildPhase section */
		8116FF85121134E900DD537F /* Resources */ = {
			isa = PBXResourcesBuildPhase;
			buildActionMask = 2147483647;
			files = (
				8116FF94121134E900DD537F /* InfoPlist.strings in Resources */,
				8116FF9C121134E900DD537F /* MainWindow.xib in Resources */,
				8116FFA2121134E900DD537F /* DocumentListViewController.xib in Resources */,
				81FEA54A12119EE500A9ABD3 /* DocListBackground.jpg in Resources */,
				81FEA54B12119EE500A9ABD3 /* AQGridSelection.png in Resources */,
				81FEA54C12119EE500A9ABD3 /* AQGridSelectionGray.png in Resources */,
				81FEA54D12119EE500A9ABD3 /* AQGridSelectionGrayBlue.png in Resources */,
				81FEA54E12119EE500A9ABD3 /* AQGridSelectionGreen.png in Resources */,
				81FEA54F12119EE500A9ABD3 /* AQGridSelectionRed.png in Resources */,
				81FEA55012119EE500A9ABD3 /* Resolution.png in Resources */,
				81FEA55112119EE500A9ABD3 /* Signature.png in Resources */,
				814AE0661211D59400457254 /* DocumentViewController.xib in Resources */,
				81DBAEFB1212E05600207D6E /* LoadingAttachment.png in Resources */,
				81B33A7E1215A20600A06317 /* ResolutionNotLoaded.png in Resources */,
				81B33A801215A20F00A06317 /* SignatureNotLoaded.png in Resources */,
				81B33AD41215A57400A06317 /* ResolutionError.png in Resources */,
				81B33AD51215A57400A06317 /* SignatureError.png in Resources */,
			);
			runOnlyForDeploymentPostprocessing = 0;
		};
/* End PBXResourcesBuildPhase section */

/* Begin PBXSourcesBuildPhase section */
		8116FF83121134E900DD537F /* Sources */ = {
			isa = PBXSourcesBuildPhase;
			buildActionMask = 2147483647;
			files = (
				8116FF96121134E900DD537F /* main.m in Sources */,
				8116FF99121134E900DD537F /* MeesterAppDelegate.m in Sources */,
				8116FF9F121134E900DD537F /* DocumentListViewController.m in Sources */,
				81FEA53212119ECD00A9ABD3 /* DocumentCell.m in Sources */,
				81FEA53512119ECD00A9ABD3 /* AQGridView.m in Sources */,
				81FEA53612119ECD00A9ABD3 /* AQGridViewAnimatorItem.m in Sources */,
				81FEA53712119ECD00A9ABD3 /* AQGridViewCell.m in Sources */,
				81FEA53812119ECD00A9ABD3 /* AQGridViewController.m in Sources */,
				81FEA53912119ECD00A9ABD3 /* AQGridViewData.m in Sources */,
				81FEA53A12119ECD00A9ABD3 /* AQGridViewUpdateInfo.m in Sources */,
				81FEA53B12119ECD00A9ABD3 /* AQGridViewUpdateItem.m in Sources */,
				81FEA53C12119ECD00A9ABD3 /* NSIndexSet+AQIndexesOutsideSet.m in Sources */,
				81FEA53D12119ECD00A9ABD3 /* NSIndexSet+AQIsSetContiguous.m in Sources */,
				81FEA53E12119ECD00A9ABD3 /* UIColor+AQGridView.m in Sources */,
				814AE0491211D40700457254 /* SwitchViewController.m in Sources */,
				814AE04E1211D55300457254 /* DocumentViewController.m in Sources */,
				81DBAEC11212DCCE00207D6E /* AttachmentsViewController.m in Sources */,
				81DBAEC41212DE0F00207D6E /* AttachmentCell.m in Sources */,
				81FC33C51216942D007F780E /* DocumentsGridDatasource.m in Sources */,
			);
			runOnlyForDeploymentPostprocessing = 0;
		};
/* End PBXSourcesBuildPhase section */

/* Begin PBXTargetDependency section */
		817867511213140100D38BD3 /* PBXTargetDependency */ = {
			isa = PBXTargetDependency;
			name = DataModel;
			targetProxy = 817867501213140100D38BD3 /* PBXContainerItemProxy */;
		};
/* End PBXTargetDependency section */

/* Begin PBXVariantGroup section */
		8116FF92121134E900DD537F /* InfoPlist.strings */ = {
			isa = PBXVariantGroup;
			children = (
				8116FF93121134E900DD537F /* en */,
			);
			name = InfoPlist.strings;
			sourceTree = "<group>";
		};
		8116FF9A121134E900DD537F /* MainWindow.xib */ = {
			isa = PBXVariantGroup;
			children = (
				8116FF9B121134E900DD537F /* en */,
			);
			name = MainWindow.xib;
			sourceTree = "<group>";
		};
		8116FFA0121134E900DD537F /* DocumentListViewController.xib */ = {
			isa = PBXVariantGroup;
			children = (
				8116FFA1121134E900DD537F /* en */,
			);
			name = DocumentListViewController.xib;
			sourceTree = "<group>";
		};
		814AE0641211D59400457254 /* DocumentViewController.xib */ = {
			isa = PBXVariantGroup;
			children = (
				814AE0651211D59400457254 /* en */,
			);
			name = DocumentViewController.xib;
			sourceTree = "<group>";
		};
/* End PBXVariantGroup section */

/* Begin XCBuildConfiguration section */
		8116FFA3121134E900DD537F /* Debug */ = {
			isa = XCBuildConfiguration;
			buildSettings = {
				ARCHS = "$(ARCHS_STANDARD_32_BIT)";
				"CODE_SIGN_IDENTITY[sdk=iphoneos*]" = "iPhone Developer";
				GCC_C_LANGUAGE_STANDARD = gnu99;
				GCC_OPTIMIZATION_LEVEL = 0;
				GCC_PREPROCESSOR_DEFINITIONS = DEBUG;
				GCC_VERSION = coop.plausible.blocks.compilers.gcc.4_2;
				GCC_WARN_ABOUT_RETURN_TYPE = YES;
				GCC_WARN_UNUSED_VARIABLE = YES;
				IPHONEOS_DEPLOYMENT_TARGET = 3.2;
				PREBINDING = NO;
				SDKROOT = iphoneos3.2;
				TARGETED_DEVICE_FAMILY = 2;
				USER_HEADER_SEARCH_PATHS = "LNDataSource/** DataModel/**";
			};
			name = Debug;
		};
		8116FFA4121134E900DD537F /* Release */ = {
			isa = XCBuildConfiguration;
			buildSettings = {
				ARCHS = "$(ARCHS_STANDARD_32_BIT)";
				"CODE_SIGN_IDENTITY[sdk=iphoneos*]" = "iPhone Developer";
				GCC_C_LANGUAGE_STANDARD = gnu99;
				GCC_VERSION = coop.plausible.blocks.compilers.gcc.4_2;
				GCC_WARN_ABOUT_RETURN_TYPE = YES;
				GCC_WARN_UNUSED_VARIABLE = YES;
				IPHONEOS_DEPLOYMENT_TARGET = 3.2;
				OTHER_CFLAGS = "-DNS_BLOCK_ASSERTIONS=1";
				PREBINDING = NO;
				SDKROOT = iphoneos3.2;
				TARGETED_DEVICE_FAMILY = 2;
				USER_HEADER_SEARCH_PATHS = "LNDataSource/** DataModel/**";
			};
			name = Release;
		};
		8116FFA6121134E900DD537F /* Debug */ = {
			isa = XCBuildConfiguration;
			buildSettings = {
				ALWAYS_SEARCH_USER_PATHS = NO;
				COPY_PHASE_STRIP = NO;
				FRAMEWORK_SEARCH_PATHS = (
					"$(inherited)",
					"\"$(SRCROOT)/thirdparty\"",
				);
				GCC_DYNAMIC_NO_PIC = NO;
				GCC_PRECOMPILE_PREFIX_HEADER = YES;
				GCC_PREFIX_HEADER = Meester_Prefix.pch;
				INFOPLIST_FILE = "Meester-Info.plist";
				PRODUCT_NAME = Meester;
				USER_HEADER_SEARCH_PATHS = "$(inherited)";
				WRAPPER_EXTENSION = app;
			};
			name = Debug;
		};
		8116FFA7121134E900DD537F /* Release */ = {
			isa = XCBuildConfiguration;
			buildSettings = {
				ALWAYS_SEARCH_USER_PATHS = NO;
				COPY_PHASE_STRIP = YES;
				FRAMEWORK_SEARCH_PATHS = (
					"$(inherited)",
					"\"$(SRCROOT)/thirdparty\"",
				);
				GCC_PRECOMPILE_PREFIX_HEADER = YES;
				GCC_PREFIX_HEADER = Meester_Prefix.pch;
				INFOPLIST_FILE = "Meester-Info.plist";
				PRODUCT_NAME = Meester;
				USER_HEADER_SEARCH_PATHS = "$(inherited)";
				VALIDATE_PRODUCT = YES;
				WRAPPER_EXTENSION = app;
			};
			name = Release;
		};
/* End XCBuildConfiguration section */

/* Begin XCConfigurationList section */
		8116FF7D121134E900DD537F /* Build configuration list for PBXProject "Meester" */ = {
			isa = XCConfigurationList;
			buildConfigurations = (
				8116FFA3121134E900DD537F /* Debug */,
				8116FFA4121134E900DD537F /* Release */,
			);
			defaultConfigurationIsVisible = 0;
			defaultConfigurationName = Release;
		};
		8116FFA5121134E900DD537F /* Build configuration list for PBXNativeTarget "Meester" */ = {
			isa = XCConfigurationList;
			buildConfigurations = (
				8116FFA6121134E900DD537F /* Debug */,
				8116FFA7121134E900DD537F /* Release */,
			);
			defaultConfigurationIsVisible = 0;
			defaultConfigurationName = Release;
		};
/* End XCConfigurationList section */
	};
	rootObject = 8116FF7A121134E900DD537F /* Project object */;
}
