// !$*UTF8*$!
{
	archiveVersion = 1;
	classes = {
	};
	objectVersion = 46;
	objects = {

/* Begin PBXBuildFile section */
		8165414F1237951B008FC80F /* Foundation.framework in Frameworks */ = {isa = PBXBuildFile; fileRef = 8165414E1237951B008FC80F /* Foundation.framework */; };
		8165415D1237953A008FC80F /* LNDataSource.h in Headers */ = {isa = PBXBuildFile; fileRef = 816541591237953A008FC80F /* LNDataSource.h */; };
		8165415E1237953A008FC80F /* LNDataSource.m in Sources */ = {isa = PBXBuildFile; fileRef = 8165415A1237953A008FC80F /* LNDataSource.m */; };
		8165415F1237953A008FC80F /* LNHttpRequest.h in Headers */ = {isa = PBXBuildFile; fileRef = 8165415B1237953A008FC80F /* LNHttpRequest.h */; };
		816541601237953A008FC80F /* LNHttpRequest.m in Sources */ = {isa = PBXBuildFile; fileRef = 8165415C1237953A008FC80F /* LNHttpRequest.m */; };
		8165418412379713008FC80F /* JSON.h in Headers */ = {isa = PBXBuildFile; fileRef = 8165417912379713008FC80F /* JSON.h */; };
		8165418512379713008FC80F /* NSObject+SBJSON.h in Headers */ = {isa = PBXBuildFile; fileRef = 8165417A12379713008FC80F /* NSObject+SBJSON.h */; };
		8165418612379713008FC80F /* NSObject+SBJSON.m in Sources */ = {isa = PBXBuildFile; fileRef = 8165417B12379713008FC80F /* NSObject+SBJSON.m */; };
		8165418712379713008FC80F /* NSString+SBJSON.h in Headers */ = {isa = PBXBuildFile; fileRef = 8165417C12379713008FC80F /* NSString+SBJSON.h */; };
		8165418812379713008FC80F /* NSString+SBJSON.m in Sources */ = {isa = PBXBuildFile; fileRef = 8165417D12379713008FC80F /* NSString+SBJSON.m */; };
		8165418912379713008FC80F /* SBJsonBase.h in Headers */ = {isa = PBXBuildFile; fileRef = 8165417E12379713008FC80F /* SBJsonBase.h */; };
		8165418A12379713008FC80F /* SBJsonBase.m in Sources */ = {isa = PBXBuildFile; fileRef = 8165417F12379713008FC80F /* SBJsonBase.m */; };
		8165418B12379713008FC80F /* SBJsonParser.h in Headers */ = {isa = PBXBuildFile; fileRef = 8165418012379713008FC80F /* SBJsonParser.h */; };
		8165418C12379713008FC80F /* SBJsonParser.m in Sources */ = {isa = PBXBuildFile; fileRef = 8165418112379713008FC80F /* SBJsonParser.m */; };
		8165418D12379713008FC80F /* SBJsonWriter.h in Headers */ = {isa = PBXBuildFile; fileRef = 8165418212379713008FC80F /* SBJsonWriter.h */; };
		8165418E12379713008FC80F /* SBJsonWriter.m in Sources */ = {isa = PBXBuildFile; fileRef = 8165418312379713008FC80F /* SBJsonWriter.m */; };
/* End PBXBuildFile section */

/* Begin PBXContainerItemProxy section */
		8165416A12379587008FC80F /* PBXContainerItemProxy */ = {
			isa = PBXContainerItemProxy;
			containerPortal = 8165416312379586008FC80F /* DataModel.xcodeproj */;
			proxyType = 2;
			remoteGlobalIDString = 816540CB1237903A008FC80F;
			remoteInfo = DataModel;
		};
		81654173123795AB008FC80F /* PBXContainerItemProxy */ = {
			isa = PBXContainerItemProxy;
			containerPortal = 8165416C123795AA008FC80F /* ASIHTTPRequest.xcodeproj */;
			proxyType = 2;
			remoteGlobalIDString = 816541031237948E008FC80F;
			remoteInfo = ASIHTTPRequest;
		};
/* End PBXContainerItemProxy section */

/* Begin PBXFileReference section */
		8165414C1237951B008FC80F /* libLNDataSource.a */ = {isa = PBXFileReference; explicitFileType = archive.ar; includeInIndex = 0; path = libLNDataSource.a; sourceTree = BUILT_PRODUCTS_DIR; };
		8165414E1237951B008FC80F /* Foundation.framework */ = {isa = PBXFileReference; lastKnownFileType = wrapper.framework; name = Foundation.framework; path = System/Library/Frameworks/Foundation.framework; sourceTree = SDKROOT; };
		816541501237951B008FC80F /* LNDataSource_Prefix.pch */ = {isa = PBXFileReference; lastKnownFileType = sourcecode.c.h; path = LNDataSource_Prefix.pch; sourceTree = "<group>"; };
		816541591237953A008FC80F /* LNDataSource.h */ = {isa = PBXFileReference; fileEncoding = 4; lastKnownFileType = sourcecode.c.h; path = LNDataSource.h; sourceTree = "<group>"; };
		8165415A1237953A008FC80F /* LNDataSource.m */ = {isa = PBXFileReference; fileEncoding = 4; lastKnownFileType = sourcecode.c.objc; path = LNDataSource.m; sourceTree = "<group>"; };
		8165415B1237953A008FC80F /* LNHttpRequest.h */ = {isa = PBXFileReference; fileEncoding = 4; lastKnownFileType = sourcecode.c.h; path = LNHttpRequest.h; sourceTree = "<group>"; };
		8165415C1237953A008FC80F /* LNHttpRequest.m */ = {isa = PBXFileReference; fileEncoding = 4; lastKnownFileType = sourcecode.c.objc; path = LNHttpRequest.m; sourceTree = "<group>"; };
		8165416312379586008FC80F /* DataModel.xcodeproj */ = {isa = PBXFileReference; lastKnownFileType = "wrapper.pb-project"; name = DataModel.xcodeproj; path = /Users/vovasty/Documents/inttrust/Meester/DataModel/DataModel.xcodeproj; sourceTree = "<absolute>"; };
		8165416C123795AA008FC80F /* ASIHTTPRequest.xcodeproj */ = {isa = PBXFileReference; lastKnownFileType = "wrapper.pb-project"; name = ASIHTTPRequest.xcodeproj; path = /Users/vovasty/Documents/inttrust/Meester/thirdparty/ASIHTTPRequest/ASIHTTPRequest.xcodeproj; sourceTree = "<absolute>"; };
		8165417912379713008FC80F /* JSON.h */ = {isa = PBXFileReference; fileEncoding = 4; lastKnownFileType = sourcecode.c.h; path = JSON.h; sourceTree = "<group>"; };
		8165417A12379713008FC80F /* NSObject+SBJSON.h */ = {isa = PBXFileReference; fileEncoding = 4; lastKnownFileType = sourcecode.c.h; path = "NSObject+SBJSON.h"; sourceTree = "<group>"; };
		8165417B12379713008FC80F /* NSObject+SBJSON.m */ = {isa = PBXFileReference; fileEncoding = 4; lastKnownFileType = sourcecode.c.objc; path = "NSObject+SBJSON.m"; sourceTree = "<group>"; };
		8165417C12379713008FC80F /* NSString+SBJSON.h */ = {isa = PBXFileReference; fileEncoding = 4; lastKnownFileType = sourcecode.c.h; path = "NSString+SBJSON.h"; sourceTree = "<group>"; };
		8165417D12379713008FC80F /* NSString+SBJSON.m */ = {isa = PBXFileReference; fileEncoding = 4; lastKnownFileType = sourcecode.c.objc; path = "NSString+SBJSON.m"; sourceTree = "<group>"; };
		8165417E12379713008FC80F /* SBJsonBase.h */ = {isa = PBXFileReference; fileEncoding = 4; lastKnownFileType = sourcecode.c.h; path = SBJsonBase.h; sourceTree = "<group>"; };
		8165417F12379713008FC80F /* SBJsonBase.m */ = {isa = PBXFileReference; fileEncoding = 4; lastKnownFileType = sourcecode.c.objc; path = SBJsonBase.m; sourceTree = "<group>"; };
		8165418012379713008FC80F /* SBJsonParser.h */ = {isa = PBXFileReference; fileEncoding = 4; lastKnownFileType = sourcecode.c.h; path = SBJsonParser.h; sourceTree = "<group>"; };
		8165418112379713008FC80F /* SBJsonParser.m */ = {isa = PBXFileReference; fileEncoding = 4; lastKnownFileType = sourcecode.c.objc; path = SBJsonParser.m; sourceTree = "<group>"; };
		8165418212379713008FC80F /* SBJsonWriter.h */ = {isa = PBXFileReference; fileEncoding = 4; lastKnownFileType = sourcecode.c.h; path = SBJsonWriter.h; sourceTree = "<group>"; };
		8165418312379713008FC80F /* SBJsonWriter.m */ = {isa = PBXFileReference; fileEncoding = 4; lastKnownFileType = sourcecode.c.objc; path = SBJsonWriter.m; sourceTree = "<group>"; };
/* End PBXFileReference section */

/* Begin PBXFrameworksBuildPhase section */
		816541491237951B008FC80F /* Frameworks */ = {
			isa = PBXFrameworksBuildPhase;
			buildActionMask = 2147483647;
			files = (
				8165414F1237951B008FC80F /* Foundation.framework in Frameworks */,
			);
			runOnlyForDeploymentPostprocessing = 0;
		};
/* End PBXFrameworksBuildPhase section */

/* Begin PBXGroup section */
		8165413E1237951B008FC80F = {
			isa = PBXGroup;
			children = (
				8165416212379546008FC80F /* Library */,
				816541451237951B008FC80F /* Classes */,
				816541461237951B008FC80F /* Other Sources */,
				816541471237951B008FC80F /* Frameworks */,
				8165414D1237951B008FC80F /* Products */,
			);
			sourceTree = "<group>";
		};
		816541451237951B008FC80F /* Classes */ = {
			isa = PBXGroup;
			children = (
				816541591237953A008FC80F /* LNDataSource.h */,
				8165415A1237953A008FC80F /* LNDataSource.m */,
				8165415B1237953A008FC80F /* LNHttpRequest.h */,
				8165415C1237953A008FC80F /* LNHttpRequest.m */,
			);
			path = Classes;
			sourceTree = "<group>";
		};
		816541461237951B008FC80F /* Other Sources */ = {
			isa = PBXGroup;
			children = (
				816541501237951B008FC80F /* LNDataSource_Prefix.pch */,
			);
			name = "Other Sources";
			sourceTree = "<group>";
		};
		816541471237951B008FC80F /* Frameworks */ = {
			isa = PBXGroup;
			children = (
				8165414E1237951B008FC80F /* Foundation.framework */,
			);
			name = Frameworks;
			sourceTree = "<group>";
		};
		8165414D1237951B008FC80F /* Products */ = {
			isa = PBXGroup;
			children = (
				8165414C1237951B008FC80F /* libLNDataSource.a */,
			);
			name = Products;
			sourceTree = "<group>";
		};
		8165416212379546008FC80F /* Library */ = {
			isa = PBXGroup;
			children = (
				8165417812379713008FC80F /* JSON */,
				8165416C123795AA008FC80F /* ASIHTTPRequest.xcodeproj */,
				8165416312379586008FC80F /* DataModel.xcodeproj */,
			);
			name = Library;
			sourceTree = "<group>";
		};
		8165416412379586008FC80F /* Products */ = {
			isa = PBXGroup;
			children = (
				8165416B12379587008FC80F /* libDataModel.a */,
			);
			name = Products;
			sourceTree = "<group>";
		};
		8165416D123795AA008FC80F /* Products */ = {
			isa = PBXGroup;
			children = (
				81654174123795AB008FC80F /* libASIHTTPRequest.a */,
			);
			name = Products;
			sourceTree = "<group>";
		};
		8165417812379713008FC80F /* JSON */ = {
			isa = PBXGroup;
			children = (
				8165417912379713008FC80F /* JSON.h */,
				8165417A12379713008FC80F /* NSObject+SBJSON.h */,
				8165417B12379713008FC80F /* NSObject+SBJSON.m */,
				8165417C12379713008FC80F /* NSString+SBJSON.h */,
				8165417D12379713008FC80F /* NSString+SBJSON.m */,
				8165417E12379713008FC80F /* SBJsonBase.h */,
				8165417F12379713008FC80F /* SBJsonBase.m */,
				8165418012379713008FC80F /* SBJsonParser.h */,
				8165418112379713008FC80F /* SBJsonParser.m */,
				8165418212379713008FC80F /* SBJsonWriter.h */,
				8165418312379713008FC80F /* SBJsonWriter.m */,
			);
			name = JSON;
			path = /Users/vovasty/Documents/inttrust/Meester/thirdparty/JSON;
			sourceTree = "<absolute>";
		};
/* End PBXGroup section */

/* Begin PBXHeadersBuildPhase section */
		8165414A1237951B008FC80F /* Headers */ = {
			isa = PBXHeadersBuildPhase;
			buildActionMask = 2147483647;
			files = (
				8165415D1237953A008FC80F /* LNDataSource.h in Headers */,
				8165415F1237953A008FC80F /* LNHttpRequest.h in Headers */,
				8165418412379713008FC80F /* JSON.h in Headers */,
				8165418512379713008FC80F /* NSObject+SBJSON.h in Headers */,
				8165418712379713008FC80F /* NSString+SBJSON.h in Headers */,
				8165418912379713008FC80F /* SBJsonBase.h in Headers */,
				8165418B12379713008FC80F /* SBJsonParser.h in Headers */,
				8165418D12379713008FC80F /* SBJsonWriter.h in Headers */,
			);
			runOnlyForDeploymentPostprocessing = 0;
		};
/* End PBXHeadersBuildPhase section */

/* Begin PBXNativeTarget section */
		8165414B1237951B008FC80F /* LNDataSource */ = {
			isa = PBXNativeTarget;
			buildConfigurationList = 816541531237951B008FC80F /* Build configuration list for PBXNativeTarget "LNDataSource" */;
			buildPhases = (
				816541481237951B008FC80F /* Sources */,
				816541491237951B008FC80F /* Frameworks */,
				8165414A1237951B008FC80F /* Headers */,
			);
			buildRules = (
			);
			dependencies = (
			);
			name = LNDataSource;
			productName = LNDataSource;
			productReference = 8165414C1237951B008FC80F /* libLNDataSource.a */;
			productType = "com.apple.product-type.library.static";
		};
/* End PBXNativeTarget section */

/* Begin PBXProject section */
		816541401237951B008FC80F /* Project object */ = {
			isa = PBXProject;
			buildConfigurationList = 816541431237951B008FC80F /* Build configuration list for PBXProject "LNDataSource" */;
			compatibilityVersion = "Xcode 3.2";
			developmentRegion = English;
			hasScannedForEncodings = 0;
			knownRegions = (
				en,
			);
			mainGroup = 8165413E1237951B008FC80F;
			productRefGroup = 8165414D1237951B008FC80F /* Products */;
			projectDirPath = "";
			projectReferences = (
				{
					ProductGroup = 8165416D123795AA008FC80F /* Products */;
					ProjectRef = 8165416C123795AA008FC80F /* ASIHTTPRequest.xcodeproj */;
				},
				{
					ProductGroup = 8165416412379586008FC80F /* Products */;
					ProjectRef = 8165416312379586008FC80F /* DataModel.xcodeproj */;
				},
			);
			projectRoot = "";
			targets = (
				8165414B1237951B008FC80F /* LNDataSource */,
			);
		};
/* End PBXProject section */

/* Begin PBXReferenceProxy section */
		8165416B12379587008FC80F /* libDataModel.a */ = {
			isa = PBXReferenceProxy;
			fileType = archive.ar;
			path = libDataModel.a;
			remoteRef = 8165416A12379587008FC80F /* PBXContainerItemProxy */;
			sourceTree = BUILT_PRODUCTS_DIR;
		};
		81654174123795AB008FC80F /* libASIHTTPRequest.a */ = {
			isa = PBXReferenceProxy;
			fileType = archive.ar;
			path = libASIHTTPRequest.a;
			remoteRef = 81654173123795AB008FC80F /* PBXContainerItemProxy */;
			sourceTree = BUILT_PRODUCTS_DIR;
		};
/* End PBXReferenceProxy section */

/* Begin PBXSourcesBuildPhase section */
		816541481237951B008FC80F /* Sources */ = {
			isa = PBXSourcesBuildPhase;
			buildActionMask = 2147483647;
			files = (
				8165415E1237953A008FC80F /* LNDataSource.m in Sources */,
				816541601237953A008FC80F /* LNHttpRequest.m in Sources */,
				8165418612379713008FC80F /* NSObject+SBJSON.m in Sources */,
				8165418812379713008FC80F /* NSString+SBJSON.m in Sources */,
				8165418A12379713008FC80F /* SBJsonBase.m in Sources */,
				8165418C12379713008FC80F /* SBJsonParser.m in Sources */,
				8165418E12379713008FC80F /* SBJsonWriter.m in Sources */,
			);
			runOnlyForDeploymentPostprocessing = 0;
		};
/* End PBXSourcesBuildPhase section */

/* Begin XCBuildConfiguration section */
		816541511237951B008FC80F /* Debug */ = {
			isa = XCBuildConfiguration;
			buildSettings = {
				ARCHS = "$(ARCHS_UNIVERSAL_IPHONE_OS)";
				GCC_C_LANGUAGE_STANDARD = gnu99;
				GCC_OPTIMIZATION_LEVEL = 0;
				GCC_PREPROCESSOR_DEFINITIONS = DEBUG;
				GCC_VERSION = coop.plausible.blocks.compilers.gcc.4_2;
				GCC_WARN_ABOUT_RETURN_TYPE = YES;
				GCC_WARN_UNUSED_VARIABLE = YES;
				IPHONEOS_DEPLOYMENT_TARGET = 3.2;
				PREBINDING = NO;
				SDKROOT = iphoneos3.2;
				TARGETED_DEVICE_FAMILY = "1,2";
				USER_HEADER_SEARCH_PATHS = "../DataModel/** ../thirdparty/ASIHTTPRequest/**";
			};
			name = Debug;
		};
		816541521237951B008FC80F /* Release */ = {
			isa = XCBuildConfiguration;
			buildSettings = {
				ARCHS = "$(ARCHS_UNIVERSAL_IPHONE_OS)";
				GCC_C_LANGUAGE_STANDARD = gnu99;
				GCC_VERSION = coop.plausible.blocks.compilers.gcc.4_2;
				GCC_WARN_ABOUT_RETURN_TYPE = YES;
				GCC_WARN_UNUSED_VARIABLE = YES;
				IPHONEOS_DEPLOYMENT_TARGET = 3.2;
				PREBINDING = NO;
				SDKROOT = iphoneos3.2;
				TARGETED_DEVICE_FAMILY = "1,2";
				USER_HEADER_SEARCH_PATHS = "../DataModel/** ../thirdparty/ASIHTTPRequest/**";
			};
			name = Release;
		};
		816541541237951B008FC80F /* Debug */ = {
			isa = XCBuildConfiguration;
			buildSettings = {
				ALWAYS_SEARCH_USER_PATHS = NO;
				DSTROOT = /tmp/LNDataSource.dst;
				FRAMEWORK_SEARCH_PATHS = (
					"$(inherited)",
					"\"$(SRCROOT)/../thirdparty\"",
				);
				GCC_PRECOMPILE_PREFIX_HEADER = YES;
				GCC_PREFIX_HEADER = LNDataSource_Prefix.pch;
				INSTALL_PATH = /usr/local/lib;
				OTHER_LDFLAGS = "-ObjC";
				PRODUCT_NAME = LNDataSource;
			};
			name = Debug;
		};
		816541551237951B008FC80F /* Release */ = {
			isa = XCBuildConfiguration;
			buildSettings = {
				ALWAYS_SEARCH_USER_PATHS = NO;
				DSTROOT = /tmp/LNDataSource.dst;
				FRAMEWORK_SEARCH_PATHS = (
					"$(inherited)",
					"\"$(SRCROOT)/../thirdparty\"",
				);
				GCC_PRECOMPILE_PREFIX_HEADER = YES;
				GCC_PREFIX_HEADER = LNDataSource_Prefix.pch;
				INSTALL_PATH = /usr/local/lib;
				OTHER_LDFLAGS = "-ObjC";
				PRODUCT_NAME = LNDataSource;
			};
			name = Release;
		};
/* End XCBuildConfiguration section */

/* Begin XCConfigurationList section */
		816541431237951B008FC80F /* Build configuration list for PBXProject "LNDataSource" */ = {
			isa = XCConfigurationList;
			buildConfigurations = (
				816541511237951B008FC80F /* Debug */,
				816541521237951B008FC80F /* Release */,
			);
			defaultConfigurationIsVisible = 0;
			defaultConfigurationName = Release;
		};
		816541531237951B008FC80F /* Build configuration list for PBXNativeTarget "LNDataSource" */ = {
			isa = XCConfigurationList;
			buildConfigurations = (
				816541541237951B008FC80F /* Debug */,
				816541551237951B008FC80F /* Release */,
			);
			defaultConfigurationIsVisible = 0;
			defaultConfigurationName = Release;
		};
/* End XCConfigurationList section */
	};
	rootObject = 816541401237951B008FC80F /* Project object */;
}
