// !$*UTF8*$!
{
	archiveVersion = 1;
	classes = {
	};
	objectVersion = 46;
	objects = {

/* Begin PBXBuildFile section */
		8104AFB012140F66002F0283 /* SystemConfiguration.framework in Frameworks */ = {isa = PBXBuildFile; fileRef = 8104AFAF12140F66002F0283 /* SystemConfiguration.framework */; };
		8104AFB812140F77002F0283 /* MobileCoreServices.framework in Frameworks */ = {isa = PBXBuildFile; fileRef = 8104AFB712140F77002F0283 /* MobileCoreServices.framework */; };
		8104B01F12140FAF002F0283 /* CoreGraphics.framework in Frameworks */ = {isa = PBXBuildFile; fileRef = 8104B01E12140FAF002F0283 /* CoreGraphics.framework */; };
		812ACBD9121409130004F986 /* libDataModel.a in Frameworks */ = {isa = PBXBuildFile; fileRef = 812ACBD4121408FB0004F986 /* libDataModel.a */; };
		81578305121433D900067473 /* PLBlocks.framework in Frameworks */ = {isa = PBXBuildFile; fileRef = 81578304121433D900067473 /* PLBlocks.framework */; };
		815783131214347700067473 /* LotusViewParser.m in Sources */ = {isa = PBXBuildFile; fileRef = 815783121214347700067473 /* LotusViewParser.m */; };
		815783151214349A00067473 /* libxml2.dylib in Frameworks */ = {isa = PBXBuildFile; fileRef = 815783141214349A00067473 /* libxml2.dylib */; };
		817ABEA412140E3E001D2197 /* libASIHTTPRequest.a in Frameworks */ = {isa = PBXBuildFile; fileRef = 81F4770612140B1400F89F60 /* libASIHTTPRequest.a */; };
		817ABEB812140EBE001D2197 /* CFNetwork.framework in Frameworks */ = {isa = PBXBuildFile; fileRef = 817ABEB712140EBE001D2197 /* CFNetwork.framework */; };
		817ABEE112140EF7001D2197 /* libz.1.2.3.dylib in Frameworks */ = {isa = PBXBuildFile; fileRef = 817ABEE012140EF7001D2197 /* libz.1.2.3.dylib */; };
		8198E6621213FE3100299A5E /* LNDataSourceTest.m in Sources */ = {isa = PBXBuildFile; fileRef = 8198E6561213FDC300299A5E /* LNDataSourceTest.m */; };
		8198E6781213FE8300299A5E /* GTMIPhoneUnitTestDelegate.m in Sources */ = {isa = PBXBuildFile; fileRef = 8198E6741213FE8300299A5E /* GTMIPhoneUnitTestDelegate.m */; };
		8198E6791213FE8300299A5E /* GTMIPhoneUnitTestMain.m in Sources */ = {isa = PBXBuildFile; fileRef = 8198E6751213FE8300299A5E /* GTMIPhoneUnitTestMain.m */; };
		8198E67A1213FE8300299A5E /* GTMSenTestCase.m in Sources */ = {isa = PBXBuildFile; fileRef = 8198E6771213FE8300299A5E /* GTMSenTestCase.m */; };
		8198E68E1213FF0000299A5E /* LNDataSource.m in Sources */ = {isa = PBXBuildFile; fileRef = 8198E68C1213FF0000299A5E /* LNDataSource.m */; };
		8198E68F1213FF0000299A5E /* LNDataSource.h in Headers */ = {isa = PBXBuildFile; fileRef = 8198E68B1213FF0000299A5E /* LNDataSource.h */; };
		8198E6901213FF0000299A5E /* LNDataSource.m in Sources */ = {isa = PBXBuildFile; fileRef = 8198E68C1213FF0000299A5E /* LNDataSource.m */; };
		8198E6911213FF0000299A5E /* SynthesizeSingleton.h in Headers */ = {isa = PBXBuildFile; fileRef = 8198E68D1213FF0000299A5E /* SynthesizeSingleton.h */; };
		BD6668550F83F84100ABF98B /* Foundation.framework in Frameworks */ = {isa = PBXBuildFile; fileRef = BD6668540F83F84100ABF98B /* Foundation.framework */; };
		BD80A6F20F8C87A60067878C /* UnitTest-Info.plist in Resources */ = {isa = PBXBuildFile; fileRef = BD80A6F10F8C87A60067878C /* UnitTest-Info.plist */; };
/* End PBXBuildFile section */

/* Begin PBXContainerItemProxy section */
		812ACBD3121408FB0004F986 /* PBXContainerItemProxy */ = {
			isa = PBXContainerItemProxy;
			containerPortal = 812ACBCC121408FB0004F986 /* DataModel.xcodeproj */;
			proxyType = 2;
			remoteGlobalIDString = D2AAC07E0554694100DB518D;
			remoteInfo = DataModel;
		};
		812ACBD5121409040004F986 /* PBXContainerItemProxy */ = {
			isa = PBXContainerItemProxy;
			containerPortal = 812ACBCC121408FB0004F986 /* DataModel.xcodeproj */;
			proxyType = 1;
			remoteGlobalIDString = D2AAC07D0554694100DB518D;
			remoteInfo = DataModel;
		};
		81F4770512140B1400F89F60 /* PBXContainerItemProxy */ = {
			isa = PBXContainerItemProxy;
			containerPortal = 81F476FE12140B1400F89F60 /* ASIHTTPRequest.xcodeproj */;
			proxyType = 2;
			remoteGlobalIDString = D2AAC07E0554694100DB518D;
			remoteInfo = ASIHTTPRequest;
		};
		81F4770712140B1C00F89F60 /* PBXContainerItemProxy */ = {
			isa = PBXContainerItemProxy;
			containerPortal = 81F476FE12140B1400F89F60 /* ASIHTTPRequest.xcodeproj */;
			proxyType = 1;
			remoteGlobalIDString = D2AAC07D0554694100DB518D;
			remoteInfo = ASIHTTPRequest;
		};
		BD80A5590F8BC7BF0067878C /* PBXContainerItemProxy */ = {
			isa = PBXContainerItemProxy;
			containerPortal = 0867D690FE84028FC02AAC07 /* Project object */;
			proxyType = 1;
			remoteGlobalIDString = D2AAC07D0554694100DB518D;
			remoteInfo = LNDataSource;
		};
/* End PBXContainerItemProxy section */

/* Begin PBXCopyFilesBuildPhase section */
		BD80A3F80F8A69DC0067878C /* CopyFiles */ = {
			isa = PBXCopyFilesBuildPhase;
			buildActionMask = 2147483647;
			dstPath = "";
			dstSubfolderSpec = 10;
			files = (
			);
			runOnlyForDeploymentPostprocessing = 0;
		};
/* End PBXCopyFilesBuildPhase section */

/* Begin PBXFileReference section */
		32DBCF5E0370ADEE00C91783 /* LNDataSource_Prefix.pch */ = {isa = PBXFileReference; fileEncoding = 4; lastKnownFileType = sourcecode.c.h; path = LNDataSource_Prefix.pch; sourceTree = "<group>"; };
		8104AFAF12140F66002F0283 /* SystemConfiguration.framework */ = {isa = PBXFileReference; lastKnownFileType = wrapper.framework; name = SystemConfiguration.framework; path = System/Library/Frameworks/SystemConfiguration.framework; sourceTree = SDKROOT; };
		8104AFB712140F77002F0283 /* MobileCoreServices.framework */ = {isa = PBXFileReference; lastKnownFileType = wrapper.framework; name = MobileCoreServices.framework; path = System/Library/Frameworks/MobileCoreServices.framework; sourceTree = SDKROOT; };
		8104B01E12140FAF002F0283 /* CoreGraphics.framework */ = {isa = PBXFileReference; lastKnownFileType = wrapper.framework; name = CoreGraphics.framework; path = System/Library/Frameworks/CoreGraphics.framework; sourceTree = SDKROOT; };
		812ACBCC121408FB0004F986 /* DataModel.xcodeproj */ = {isa = PBXFileReference; lastKnownFileType = "wrapper.pb-project"; name = DataModel.xcodeproj; path = ../DataModel/DataModel.xcodeproj; sourceTree = SOURCE_ROOT; };
		81578304121433D900067473 /* PLBlocks.framework */ = {isa = PBXFileReference; lastKnownFileType = wrapper.framework; name = PLBlocks.framework; path = ../thirdparty/PLBlocks.framework; sourceTree = SOURCE_ROOT; };
		815783111214347700067473 /* LotusViewParser.h */ = {isa = PBXFileReference; fileEncoding = 4; lastKnownFileType = sourcecode.c.h; path = LotusViewParser.h; sourceTree = "<group>"; };
		815783121214347700067473 /* LotusViewParser.m */ = {isa = PBXFileReference; fileEncoding = 4; lastKnownFileType = sourcecode.c.objc; path = LotusViewParser.m; sourceTree = "<group>"; };
		815783141214349A00067473 /* libxml2.dylib */ = {isa = PBXFileReference; lastKnownFileType = "compiled.mach-o.dylib"; name = libxml2.dylib; path = usr/lib/libxml2.dylib; sourceTree = SDKROOT; };
		817ABEB712140EBE001D2197 /* CFNetwork.framework */ = {isa = PBXFileReference; lastKnownFileType = wrapper.framework; name = CFNetwork.framework; path = System/Library/Frameworks/CFNetwork.framework; sourceTree = SDKROOT; };
		817ABEE012140EF7001D2197 /* libz.1.2.3.dylib */ = {isa = PBXFileReference; lastKnownFileType = "compiled.mach-o.dylib"; name = libz.1.2.3.dylib; path = usr/lib/libz.1.2.3.dylib; sourceTree = SDKROOT; };
		8198E6561213FDC300299A5E /* LNDataSourceTest.m */ = {isa = PBXFileReference; fileEncoding = 4; lastKnownFileType = sourcecode.c.objc; path = LNDataSourceTest.m; sourceTree = "<group>"; };
		8198E6721213FE8300299A5E /* GTMDefines.h */ = {isa = PBXFileReference; fileEncoding = 4; lastKnownFileType = sourcecode.c.h; name = GTMDefines.h; path = GoogleToolbox/GTMDefines.h; sourceTree = "<group>"; };
		8198E6731213FE8300299A5E /* GTMIPhoneUnitTestDelegate.h */ = {isa = PBXFileReference; fileEncoding = 4; lastKnownFileType = sourcecode.c.h; name = GTMIPhoneUnitTestDelegate.h; path = GoogleToolbox/GTMIPhoneUnitTestDelegate.h; sourceTree = "<group>"; };
		8198E6741213FE8300299A5E /* GTMIPhoneUnitTestDelegate.m */ = {isa = PBXFileReference; fileEncoding = 4; lastKnownFileType = sourcecode.c.objc; name = GTMIPhoneUnitTestDelegate.m; path = GoogleToolbox/GTMIPhoneUnitTestDelegate.m; sourceTree = "<group>"; };
		8198E6751213FE8300299A5E /* GTMIPhoneUnitTestMain.m */ = {isa = PBXFileReference; fileEncoding = 4; lastKnownFileType = sourcecode.c.objc; name = GTMIPhoneUnitTestMain.m; path = GoogleToolbox/GTMIPhoneUnitTestMain.m; sourceTree = "<group>"; };
		8198E6761213FE8300299A5E /* GTMSenTestCase.h */ = {isa = PBXFileReference; fileEncoding = 4; lastKnownFileType = sourcecode.c.h; name = GTMSenTestCase.h; path = GoogleToolbox/GTMSenTestCase.h; sourceTree = "<group>"; };
		8198E6771213FE8300299A5E /* GTMSenTestCase.m */ = {isa = PBXFileReference; fileEncoding = 4; lastKnownFileType = sourcecode.c.objc; name = GTMSenTestCase.m; path = GoogleToolbox/GTMSenTestCase.m; sourceTree = "<group>"; };
		8198E68B1213FF0000299A5E /* LNDataSource.h */ = {isa = PBXFileReference; fileEncoding = 4; lastKnownFileType = sourcecode.c.h; path = LNDataSource.h; sourceTree = "<group>"; };
		8198E68C1213FF0000299A5E /* LNDataSource.m */ = {isa = PBXFileReference; fileEncoding = 4; lastKnownFileType = sourcecode.c.objc; path = LNDataSource.m; sourceTree = "<group>"; };
		8198E68D1213FF0000299A5E /* SynthesizeSingleton.h */ = {isa = PBXFileReference; fileEncoding = 4; lastKnownFileType = sourcecode.c.h; path = SynthesizeSingleton.h; sourceTree = "<group>"; };
		81F476FE12140B1400F89F60 /* ASIHTTPRequest.xcodeproj */ = {isa = PBXFileReference; lastKnownFileType = "wrapper.pb-project"; name = ASIHTTPRequest.xcodeproj; path = ../thirdparty/ASIHTTPRequest/ASIHTTPRequest.xcodeproj; sourceTree = SOURCE_ROOT; };
		BD6668540F83F84100ABF98B /* Foundation.framework */ = {isa = PBXFileReference; lastKnownFileType = wrapper.framework; name = Foundation.framework; path = System/Library/Frameworks/Foundation.framework; sourceTree = SDKROOT; };
		BD80A3A20F894C7F0067878C /* UnitTest.app */ = {isa = PBXFileReference; explicitFileType = wrapper.application; includeInIndex = 0; path = UnitTest.app; sourceTree = BUILT_PRODUCTS_DIR; };
		BD80A6F10F8C87A60067878C /* UnitTest-Info.plist */ = {isa = PBXFileReference; fileEncoding = 4; lastKnownFileType = text.plist.xml; path = "UnitTest-Info.plist"; sourceTree = SOURCE_ROOT; };
		D2AAC07E0554694100DB518D /* libLNDataSource.a */ = {isa = PBXFileReference; explicitFileType = archive.ar; includeInIndex = 0; path = libLNDataSource.a; sourceTree = BUILT_PRODUCTS_DIR; };
/* End PBXFileReference section */

/* Begin PBXFrameworksBuildPhase section */
		BD80A3A00F894C7F0067878C /* Frameworks */ = {
			isa = PBXFrameworksBuildPhase;
			buildActionMask = 2147483647;
			files = (
				817ABEA412140E3E001D2197 /* libASIHTTPRequest.a in Frameworks */,
				812ACBD9121409130004F986 /* libDataModel.a in Frameworks */,
				817ABEB812140EBE001D2197 /* CFNetwork.framework in Frameworks */,
				817ABEE112140EF7001D2197 /* libz.1.2.3.dylib in Frameworks */,
				8104AFB012140F66002F0283 /* SystemConfiguration.framework in Frameworks */,
				8104AFB812140F77002F0283 /* MobileCoreServices.framework in Frameworks */,
				8104B01F12140FAF002F0283 /* CoreGraphics.framework in Frameworks */,
				81578305121433D900067473 /* PLBlocks.framework in Frameworks */,
				815783151214349A00067473 /* libxml2.dylib in Frameworks */,
			);
			runOnlyForDeploymentPostprocessing = 0;
		};
		D2AAC07C0554694100DB518D /* Frameworks */ = {
			isa = PBXFrameworksBuildPhase;
			buildActionMask = 2147483647;
			files = (
				BD6668550F83F84100ABF98B /* Foundation.framework in Frameworks */,
			);
			runOnlyForDeploymentPostprocessing = 0;
		};
/* End PBXFrameworksBuildPhase section */

/* Begin PBXGroup section */
		034768DFFF38A50411DB9C8B /* Products */ = {
			isa = PBXGroup;
			children = (
				D2AAC07E0554694100DB518D /* libLNDataSource.a */,
				BD80A3A20F894C7F0067878C /* UnitTest.app */,
			);
			name = Products;
			sourceTree = "<group>";
		};
		0867D691FE84028FC02AAC07 /* LNDataSource */ = {
			isa = PBXGroup;
			children = (
				81F476FE12140B1400F89F60 /* ASIHTTPRequest.xcodeproj */,
				812ACBCC121408FB0004F986 /* DataModel.xcodeproj */,
				8198E68A1213FF0000299A5E /* Classes */,
				BD849B6C0F8921BB00EB1682 /* UnitTests */,
				BD849B6E0F8921ED00EB1682 /* GoogleToolbox */,
				32C88DFF0371C24200C91783 /* Other Sources */,
				0867D69AFE84028FC02AAC07 /* Frameworks */,
				034768DFFF38A50411DB9C8B /* Products */,
				BD80A6F10F8C87A60067878C /* UnitTest-Info.plist */,
			);
			name = LNDataSource;
			sourceTree = "<group>";
		};
		0867D69AFE84028FC02AAC07 /* Frameworks */ = {
			isa = PBXGroup;
			children = (
				81578304121433D900067473 /* PLBlocks.framework */,
				BD6668540F83F84100ABF98B /* Foundation.framework */,
				817ABEB712140EBE001D2197 /* CFNetwork.framework */,
				817ABEE012140EF7001D2197 /* libz.1.2.3.dylib */,
				8104AFAF12140F66002F0283 /* SystemConfiguration.framework */,
				8104AFB712140F77002F0283 /* MobileCoreServices.framework */,
				8104B01E12140FAF002F0283 /* CoreGraphics.framework */,
				815783141214349A00067473 /* libxml2.dylib */,
			);
			name = Frameworks;
			sourceTree = "<group>";
		};
		32C88DFF0371C24200C91783 /* Other Sources */ = {
			isa = PBXGroup;
			children = (
				32DBCF5E0370ADEE00C91783 /* LNDataSource_Prefix.pch */,
			);
			name = "Other Sources";
			sourceTree = "<group>";
		};
		812ACBCD121408FB0004F986 /* Products */ = {
			isa = PBXGroup;
			children = (
				812ACBD4121408FB0004F986 /* libDataModel.a */,
			);
			name = Products;
			sourceTree = "<group>";
		};
		8198E68A1213FF0000299A5E /* Classes */ = {
			isa = PBXGroup;
			children = (
				8198E68B1213FF0000299A5E /* LNDataSource.h */,
				8198E68C1213FF0000299A5E /* LNDataSource.m */,
				8198E68D1213FF0000299A5E /* SynthesizeSingleton.h */,
				815783111214347700067473 /* LotusViewParser.h */,
				815783121214347700067473 /* LotusViewParser.m */,
			);
			path = Classes;
			sourceTree = "<group>";
		};
		81F476FF12140B1400F89F60 /* Products */ = {
			isa = PBXGroup;
			children = (
				81F4770612140B1400F89F60 /* libASIHTTPRequest.a */,
			);
			name = Products;
			sourceTree = "<group>";
		};
		BD849B6C0F8921BB00EB1682 /* UnitTests */ = {
			isa = PBXGroup;
			children = (
				8198E6561213FDC300299A5E /* LNDataSourceTest.m */,
			);
			name = UnitTests;
			sourceTree = "<group>";
		};
		BD849B6E0F8921ED00EB1682 /* GoogleToolbox */ = {
			isa = PBXGroup;
			children = (
				8198E6721213FE8300299A5E /* GTMDefines.h */,
				8198E6731213FE8300299A5E /* GTMIPhoneUnitTestDelegate.h */,
				8198E6741213FE8300299A5E /* GTMIPhoneUnitTestDelegate.m */,
				8198E6751213FE8300299A5E /* GTMIPhoneUnitTestMain.m */,
				8198E6761213FE8300299A5E /* GTMSenTestCase.h */,
				8198E6771213FE8300299A5E /* GTMSenTestCase.m */,
			);
			name = GoogleToolbox;
			sourceTree = "<group>";
		};
/* End PBXGroup section */

/* Begin PBXHeadersBuildPhase section */
		D2AAC07A0554694100DB518D /* Headers */ = {
			isa = PBXHeadersBuildPhase;
			buildActionMask = 2147483647;
			files = (
				8198E68F1213FF0000299A5E /* LNDataSource.h in Headers */,
				8198E6911213FF0000299A5E /* SynthesizeSingleton.h in Headers */,
			);
			runOnlyForDeploymentPostprocessing = 0;
		};
/* End PBXHeadersBuildPhase section */

/* Begin PBXNativeTarget section */
		BD80A3A10F894C7F0067878C /* UnitTest */ = {
			isa = PBXNativeTarget;
			buildConfigurationList = BD80A3B30F894CAE0067878C /* Build configuration list for PBXNativeTarget "UnitTest" */;
			buildPhases = (
				BD80A3F80F8A69DC0067878C /* CopyFiles */,
				BD80A39E0F894C7F0067878C /* Resources */,
				BD80A39F0F894C7F0067878C /* Sources */,
				BD80A3A00F894C7F0067878C /* Frameworks */,
				BD80A3C90F894CDD0067878C /* ShellScript */,
			);
			buildRules = (
			);
			dependencies = (
				BD80A55A0F8BC7BF0067878C /* PBXTargetDependency */,
			);
			name = UnitTest;
			productName = UnitTest;
			productReference = BD80A3A20F894C7F0067878C /* UnitTest.app */;
			productType = "com.apple.product-type.application";
		};
		D2AAC07D0554694100DB518D /* LNDataSource */ = {
			isa = PBXNativeTarget;
			buildConfigurationList = 1DEB921E08733DC00010E9CD /* Build configuration list for PBXNativeTarget "LNDataSource" */;
			buildPhases = (
				D2AAC07A0554694100DB518D /* Headers */,
				D2AAC07B0554694100DB518D /* Sources */,
				D2AAC07C0554694100DB518D /* Frameworks */,
			);
			buildRules = (
			);
			dependencies = (
				812ACBD6121409040004F986 /* PBXTargetDependency */,
				81F4770812140B1C00F89F60 /* PBXTargetDependency */,
			);
			name = LNDataSource;
			productName = LNDataSource;
			productReference = D2AAC07E0554694100DB518D /* libLNDataSource.a */;
			productType = "com.apple.product-type.library.static";
		};
/* End PBXNativeTarget section */

/* Begin PBXProject section */
		0867D690FE84028FC02AAC07 /* Project object */ = {
			isa = PBXProject;
			buildConfigurationList = 1DEB922208733DC00010E9CD /* Build configuration list for PBXProject "LNDataSource" */;
			compatibilityVersion = "Xcode 3.2";
			hasScannedForEncodings = 1;
			mainGroup = 0867D691FE84028FC02AAC07 /* LNDataSource */;
			productRefGroup = 034768DFFF38A50411DB9C8B /* Products */;
			projectDirPath = "";
			projectReferences = (
				{
					ProductGroup = 81F476FF12140B1400F89F60 /* Products */;
					ProjectRef = 81F476FE12140B1400F89F60 /* ASIHTTPRequest.xcodeproj */;
				},
				{
					ProductGroup = 812ACBCD121408FB0004F986 /* Products */;
					ProjectRef = 812ACBCC121408FB0004F986 /* DataModel.xcodeproj */;
				},
			);
			projectRoot = "";
			targets = (
				D2AAC07D0554694100DB518D /* LNDataSource */,
				BD80A3A10F894C7F0067878C /* UnitTest */,
			);
		};
/* End PBXProject section */

/* Begin PBXReferenceProxy section */
		812ACBD4121408FB0004F986 /* libDataModel.a */ = {
			isa = PBXReferenceProxy;
			fileType = archive.ar;
			path = libDataModel.a;
			remoteRef = 812ACBD3121408FB0004F986 /* PBXContainerItemProxy */;
			sourceTree = BUILT_PRODUCTS_DIR;
		};
		81F4770612140B1400F89F60 /* libASIHTTPRequest.a */ = {
			isa = PBXReferenceProxy;
			fileType = archive.ar;
			path = libASIHTTPRequest.a;
			remoteRef = 81F4770512140B1400F89F60 /* PBXContainerItemProxy */;
			sourceTree = BUILT_PRODUCTS_DIR;
		};
/* End PBXReferenceProxy section */

/* Begin PBXResourcesBuildPhase section */
		BD80A39E0F894C7F0067878C /* Resources */ = {
			isa = PBXResourcesBuildPhase;
			buildActionMask = 2147483647;
			files = (
				BD80A6F20F8C87A60067878C /* UnitTest-Info.plist in Resources */,
			);
			runOnlyForDeploymentPostprocessing = 0;
		};
/* End PBXResourcesBuildPhase section */

/* Begin PBXShellScriptBuildPhase section */
		BD80A3C90F894CDD0067878C /* ShellScript */ = {
			isa = PBXShellScriptBuildPhase;
			buildActionMask = 2147483647;
			files = (
			);
			inputPaths = (
			);
			outputPaths = (
			);
			runOnlyForDeploymentPostprocessing = 0;
			shellPath = /bin/sh;
			shellScript = "#\"$GTM_PATH/UnitTesting/RunIPhoneUnitTest.sh\"\n\n\"$PROJECT_DIR/GoogleToolbox/RunIPhoneUnitTest.sh\"";
			showEnvVarsInLog = 0;
		};
/* End PBXShellScriptBuildPhase section */

/* Begin PBXSourcesBuildPhase section */
		BD80A39F0F894C7F0067878C /* Sources */ = {
			isa = PBXSourcesBuildPhase;
			buildActionMask = 2147483647;
			files = (
				8198E6621213FE3100299A5E /* LNDataSourceTest.m in Sources */,
				8198E6781213FE8300299A5E /* GTMIPhoneUnitTestDelegate.m in Sources */,
				8198E6791213FE8300299A5E /* GTMIPhoneUnitTestMain.m in Sources */,
				8198E67A1213FE8300299A5E /* GTMSenTestCase.m in Sources */,
				8198E68E1213FF0000299A5E /* LNDataSource.m in Sources */,
				815783131214347700067473 /* LotusViewParser.m in Sources */,
			);
			runOnlyForDeploymentPostprocessing = 0;
		};
		D2AAC07B0554694100DB518D /* Sources */ = {
			isa = PBXSourcesBuildPhase;
			buildActionMask = 2147483647;
			files = (
				8198E6901213FF0000299A5E /* LNDataSource.m in Sources */,
			);
			runOnlyForDeploymentPostprocessing = 0;
		};
/* End PBXSourcesBuildPhase section */

/* Begin PBXTargetDependency section */
		812ACBD6121409040004F986 /* PBXTargetDependency */ = {
			isa = PBXTargetDependency;
			name = DataModel;
			targetProxy = 812ACBD5121409040004F986 /* PBXContainerItemProxy */;
		};
		81F4770812140B1C00F89F60 /* PBXTargetDependency */ = {
			isa = PBXTargetDependency;
			name = ASIHTTPRequest;
			targetProxy = 81F4770712140B1C00F89F60 /* PBXContainerItemProxy */;
		};
		BD80A55A0F8BC7BF0067878C /* PBXTargetDependency */ = {
			isa = PBXTargetDependency;
			target = D2AAC07D0554694100DB518D /* LNDataSource */;
			targetProxy = BD80A5590F8BC7BF0067878C /* PBXContainerItemProxy */;
		};
/* End PBXTargetDependency section */

/* Begin XCBuildConfiguration section */
		1DEB921F08733DC00010E9CD /* Debug */ = {
			isa = XCBuildConfiguration;
			buildSettings = {
				ALWAYS_SEARCH_USER_PATHS = NO;
				ARCHS = "$(ARCHS_STANDARD_32_BIT)";
				COPY_PHASE_STRIP = NO;
				GCC_DYNAMIC_NO_PIC = NO;
				GCC_ENABLE_FIX_AND_CONTINUE = YES;
				GCC_MODEL_TUNING = G5;
				GCC_OPTIMIZATION_LEVEL = 0;
				GCC_PRECOMPILE_PREFIX_HEADER = YES;
				GCC_PREFIX_HEADER = LNDataSource_Prefix.pch;
				INSTALL_PATH = /usr/local/lib;
				ONLY_ACTIVE_ARCH = YES;
				OTHER_CFLAGS = "-DDEBUG=1";
				PRODUCT_NAME = LNDataSource;
				USER_HEADER_SEARCH_PATHS = "$(inherited)";
			};
			name = Debug;
		};
		1DEB922008733DC00010E9CD /* Release */ = {
			isa = XCBuildConfiguration;
			buildSettings = {
				ALWAYS_SEARCH_USER_PATHS = NO;
				ARCHS = "$(ARCHS_STANDARD_32_BIT)";
				DEBUG_INFORMATION_FORMAT = "dwarf-with-dsym";
				GCC_MODEL_TUNING = G5;
				GCC_PRECOMPILE_PREFIX_HEADER = YES;
				GCC_PREFIX_HEADER = LNDataSource_Prefix.pch;
				INSTALL_PATH = /usr/local/lib;
				OTHER_CFLAGS = "";
				PRODUCT_NAME = LNDataSource;
				USER_HEADER_SEARCH_PATHS = "$(inherited)";
			};
			name = Release;
		};
		1DEB922308733DC00010E9CD /* Debug */ = {
			isa = XCBuildConfiguration;
			buildSettings = {
				ARCHS = "$(ARCHS_STANDARD_32_BIT)";
				GCC_C_LANGUAGE_STANDARD = c99;
				GCC_OPTIMIZATION_LEVEL = 0;
				GCC_VERSION = coop.plausible.blocks.compilers.gcc.4_2;
				GCC_WARN_ABOUT_RETURN_TYPE = YES;
				GCC_WARN_UNUSED_VARIABLE = YES;
				ONLY_ACTIVE_ARCH = YES;
				PREBINDING = NO;
				SDKROOT = iphonesimulator3.2;
				USER_HEADER_SEARCH_PATHS = "$PROJECT_DIR/../DataModel/** $PROJECT_DIR/../thirdparty/ASIHTTPRequest/**";
			};
			name = Debug;
		};
		1DEB922408733DC00010E9CD /* Release */ = {
			isa = XCBuildConfiguration;
			buildSettings = {
				ARCHS = "$(ARCHS_STANDARD_32_BIT)";
				GCC_C_LANGUAGE_STANDARD = c99;
				GCC_VERSION = coop.plausible.blocks.compilers.gcc.4_2;
				GCC_WARN_ABOUT_RETURN_TYPE = YES;
				GCC_WARN_UNUSED_VARIABLE = YES;
				PREBINDING = NO;
				SDKROOT = iphonesimulator3.2;
				USER_HEADER_SEARCH_PATHS = "$PROJECT_DIR/../DataModel/** $PROJECT_DIR/../thirdparty/ASIHTTPRequest/**";
			};
			name = Release;
		};
		BD80A3A40F894C800067878C /* Debug */ = {
			isa = XCBuildConfiguration;
			buildSettings = {
				ALWAYS_SEARCH_USER_PATHS = NO;
				CODE_SIGN_IDENTITY = "iPhone Developer";
				COPY_PHASE_STRIP = NO;
				FRAMEWORK_SEARCH_PATHS = (
					"$(inherited)",
					"\"$(SRCROOT)/../thirdparty\"",
				);
				GCC_DYNAMIC_NO_PIC = NO;
				GCC_OPTIMIZATION_LEVEL = 0;
				GCC_PRECOMPILE_PREFIX_HEADER = YES;
				GCC_PREFIX_HEADER = LNDataSource_Prefix.pch;
				HEADER_SEARCH_PATHS = "";
				INFOPLIST_FILE = "UnitTest-Info.plist";
				INSTALL_PATH = "$(HOME)/Applications";
				OTHER_CFLAGS = "-DDEBUG=1";
				OTHER_LDFLAGS = (
					"-framework",
					Foundation,
					"-framework",
					UIKit,
				);
				PREBINDING = NO;
				PRODUCT_NAME = UnitTest;
				SDKROOT = iphonesimulator3.2;
				USER_HEADER_SEARCH_PATHS = "$(inherited)";
			};
			name = Debug;
		};
		BD80A3A50F894C800067878C /* Release */ = {
			isa = XCBuildConfiguration;
			buildSettings = {
				ALWAYS_SEARCH_USER_PATHS = NO;
				CODE_SIGN_IDENTITY = "iPhone Developer";
				COPY_PHASE_STRIP = YES;
				DEBUG_INFORMATION_FORMAT = "dwarf-with-dsym";
				FRAMEWORK_SEARCH_PATHS = (
					"$(inherited)",
					"\"$(SRCROOT)/../thirdparty\"",
				);
				GCC_ENABLE_FIX_AND_CONTINUE = NO;
				GCC_PRECOMPILE_PREFIX_HEADER = YES;
				GCC_PREFIX_HEADER = GTM_Prefix.pch;
				HEADER_SEARCH_PATHS = "";
				INFOPLIST_FILE = "UnitTest-Info.plist";
				INSTALL_PATH = "$(HOME)/Applications";
				OTHER_LDFLAGS = (
					"-framework",
					Foundation,
					"-framework",
					UIKit,
				);
				PREBINDING = NO;
				PRODUCT_NAME = UnitTest;
				SDKROOT = iphonesimulator3.2;
				USER_HEADER_SEARCH_PATHS = "$(inherited)";
				ZERO_LINK = NO;
			};
			name = Release;
		};
/* End XCBuildConfiguration section */

/* Begin XCConfigurationList section */
		1DEB921E08733DC00010E9CD /* Build configuration list for PBXNativeTarget "LNDataSource" */ = {
			isa = XCConfigurationList;
			buildConfigurations = (
				1DEB921F08733DC00010E9CD /* Debug */,
				1DEB922008733DC00010E9CD /* Release */,
			);
			defaultConfigurationIsVisible = 0;
			defaultConfigurationName = Release;
		};
		1DEB922208733DC00010E9CD /* Build configuration list for PBXProject "LNDataSource" */ = {
			isa = XCConfigurationList;
			buildConfigurations = (
				1DEB922308733DC00010E9CD /* Debug */,
				1DEB922408733DC00010E9CD /* Release */,
			);
			defaultConfigurationIsVisible = 0;
			defaultConfigurationName = Release;
		};
		BD80A3B30F894CAE0067878C /* Build configuration list for PBXNativeTarget "UnitTest" */ = {
			isa = XCConfigurationList;
			buildConfigurations = (
				BD80A3A40F894C800067878C /* Debug */,
				BD80A3A50F894C800067878C /* Release */,
			);
			defaultConfigurationIsVisible = 0;
			defaultConfigurationName = Release;
		};
/* End XCConfigurationList section */
	};
	rootObject = 0867D690FE84028FC02AAC07 /* Project object */;
}
