// !$*UTF8*$!
{
	archiveVersion = 1;
	classes = {
	};
	objectVersion = 46;
	objects = {

/* Begin PBXBuildFile section */
		816540CE1237903A008FC80F /* Foundation.framework in Frameworks */ = {isa = PBXBuildFile; fileRef = 816540CD1237903A008FC80F /* Foundation.framework */; };
		816540E5123793EA008FC80F /* Attachment.h in Headers */ = {isa = PBXBuildFile; fileRef = 816540D9123793EA008FC80F /* Attachment.h */; };
		816540E6123793EA008FC80F /* Attachment.m in Sources */ = {isa = PBXBuildFile; fileRef = 816540DA123793EA008FC80F /* Attachment.m */; };
		816540E7123793EA008FC80F /* AttachmentPage.h in Headers */ = {isa = PBXBuildFile; fileRef = 816540DB123793EA008FC80F /* AttachmentPage.h */; };
		816540E8123793EA008FC80F /* AttachmentPage.m in Sources */ = {isa = PBXBuildFile; fileRef = 816540DC123793EA008FC80F /* AttachmentPage.m */; };
		816540E9123793EA008FC80F /* Comment.h in Headers */ = {isa = PBXBuildFile; fileRef = 816540DD123793EA008FC80F /* Comment.h */; };
		816540EA123793EA008FC80F /* Comment.m in Sources */ = {isa = PBXBuildFile; fileRef = 816540DE123793EA008FC80F /* Comment.m */; };
		816540EB123793EA008FC80F /* Document.h in Headers */ = {isa = PBXBuildFile; fileRef = 816540DF123793EA008FC80F /* Document.h */; };
		816540EC123793EA008FC80F /* Document.m in Sources */ = {isa = PBXBuildFile; fileRef = 816540E0123793EA008FC80F /* Document.m */; };
		816540ED123793EA008FC80F /* Resolution.h in Headers */ = {isa = PBXBuildFile; fileRef = 816540E1123793EA008FC80F /* Resolution.h */; };
		816540EE123793EA008FC80F /* Resolution.m in Sources */ = {isa = PBXBuildFile; fileRef = 816540E2123793EA008FC80F /* Resolution.m */; };
		816540EF123793EA008FC80F /* Signature.h in Headers */ = {isa = PBXBuildFile; fileRef = 816540E3123793EA008FC80F /* Signature.h */; };
		816540F0123793EA008FC80F /* Signature.m in Sources */ = {isa = PBXBuildFile; fileRef = 816540E4123793EA008FC80F /* Signature.m */; };
/* End PBXBuildFile section */

/* Begin PBXFileReference section */
		816540CB1237903A008FC80F /* libDataModel.a */ = {isa = PBXFileReference; explicitFileType = archive.ar; includeInIndex = 0; path = libDataModel.a; sourceTree = BUILT_PRODUCTS_DIR; };
		816540CD1237903A008FC80F /* Foundation.framework */ = {isa = PBXFileReference; lastKnownFileType = wrapper.framework; name = Foundation.framework; path = System/Library/Frameworks/Foundation.framework; sourceTree = SDKROOT; };
		816540CF1237903A008FC80F /* DataModel_Prefix.pch */ = {isa = PBXFileReference; lastKnownFileType = sourcecode.c.h; path = DataModel_Prefix.pch; sourceTree = "<group>"; };
		816540D9123793EA008FC80F /* Attachment.h */ = {isa = PBXFileReference; fileEncoding = 4; lastKnownFileType = sourcecode.c.h; path = Attachment.h; sourceTree = "<group>"; };
		816540DA123793EA008FC80F /* Attachment.m */ = {isa = PBXFileReference; fileEncoding = 4; lastKnownFileType = sourcecode.c.objc; path = Attachment.m; sourceTree = "<group>"; };
		816540DB123793EA008FC80F /* AttachmentPage.h */ = {isa = PBXFileReference; fileEncoding = 4; lastKnownFileType = sourcecode.c.h; path = AttachmentPage.h; sourceTree = "<group>"; };
		816540DC123793EA008FC80F /* AttachmentPage.m */ = {isa = PBXFileReference; fileEncoding = 4; lastKnownFileType = sourcecode.c.objc; path = AttachmentPage.m; sourceTree = "<group>"; };
		816540DD123793EA008FC80F /* Comment.h */ = {isa = PBXFileReference; fileEncoding = 4; lastKnownFileType = sourcecode.c.h; path = Comment.h; sourceTree = "<group>"; };
		816540DE123793EA008FC80F /* Comment.m */ = {isa = PBXFileReference; fileEncoding = 4; lastKnownFileType = sourcecode.c.objc; path = Comment.m; sourceTree = "<group>"; };
		816540DF123793EA008FC80F /* Document.h */ = {isa = PBXFileReference; fileEncoding = 4; lastKnownFileType = sourcecode.c.h; path = Document.h; sourceTree = "<group>"; };
		816540E0123793EA008FC80F /* Document.m */ = {isa = PBXFileReference; fileEncoding = 4; lastKnownFileType = sourcecode.c.objc; path = Document.m; sourceTree = "<group>"; };
		816540E1123793EA008FC80F /* Resolution.h */ = {isa = PBXFileReference; fileEncoding = 4; lastKnownFileType = sourcecode.c.h; path = Resolution.h; sourceTree = "<group>"; };
		816540E2123793EA008FC80F /* Resolution.m */ = {isa = PBXFileReference; fileEncoding = 4; lastKnownFileType = sourcecode.c.objc; path = Resolution.m; sourceTree = "<group>"; };
		816540E3123793EA008FC80F /* Signature.h */ = {isa = PBXFileReference; fileEncoding = 4; lastKnownFileType = sourcecode.c.h; path = Signature.h; sourceTree = "<group>"; };
		816540E4123793EA008FC80F /* Signature.m */ = {isa = PBXFileReference; fileEncoding = 4; lastKnownFileType = sourcecode.c.objc; path = Signature.m; sourceTree = "<group>"; };
/* End PBXFileReference section */

/* Begin PBXFrameworksBuildPhase section */
		816540C81237903A008FC80F /* Frameworks */ = {
			isa = PBXFrameworksBuildPhase;
			buildActionMask = 2147483647;
			files = (
				816540CE1237903A008FC80F /* Foundation.framework in Frameworks */,
			);
			runOnlyForDeploymentPostprocessing = 0;
		};
/* End PBXFrameworksBuildPhase section */

/* Begin PBXGroup section */
		816540BD12379039008FC80F = {
			isa = PBXGroup;
			children = (
				816540C41237903A008FC80F /* Classes */,
				816540C51237903A008FC80F /* Other Sources */,
				816540C61237903A008FC80F /* Frameworks */,
				816540CC1237903A008FC80F /* Products */,
			);
			sourceTree = "<group>";
		};
		816540C41237903A008FC80F /* Classes */ = {
			isa = PBXGroup;
			children = (
				816540D9123793EA008FC80F /* Attachment.h */,
				816540DA123793EA008FC80F /* Attachment.m */,
				816540DB123793EA008FC80F /* AttachmentPage.h */,
				816540DC123793EA008FC80F /* AttachmentPage.m */,
				816540DD123793EA008FC80F /* Comment.h */,
				816540DE123793EA008FC80F /* Comment.m */,
				816540DF123793EA008FC80F /* Document.h */,
				816540E0123793EA008FC80F /* Document.m */,
				816540E1123793EA008FC80F /* Resolution.h */,
				816540E2123793EA008FC80F /* Resolution.m */,
				816540E3123793EA008FC80F /* Signature.h */,
				816540E4123793EA008FC80F /* Signature.m */,
			);
			path = Classes;
			sourceTree = "<group>";
		};
		816540C51237903A008FC80F /* Other Sources */ = {
			isa = PBXGroup;
			children = (
				816540CF1237903A008FC80F /* DataModel_Prefix.pch */,
			);
			name = "Other Sources";
			sourceTree = "<group>";
		};
		816540C61237903A008FC80F /* Frameworks */ = {
			isa = PBXGroup;
			children = (
				816540CD1237903A008FC80F /* Foundation.framework */,
			);
			name = Frameworks;
			sourceTree = "<group>";
		};
		816540CC1237903A008FC80F /* Products */ = {
			isa = PBXGroup;
			children = (
				816540CB1237903A008FC80F /* libDataModel.a */,
			);
			name = Products;
			sourceTree = "<group>";
		};
/* End PBXGroup section */

/* Begin PBXHeadersBuildPhase section */
		816540C91237903A008FC80F /* Headers */ = {
			isa = PBXHeadersBuildPhase;
			buildActionMask = 2147483647;
			files = (
				816540E5123793EA008FC80F /* Attachment.h in Headers */,
				816540E7123793EA008FC80F /* AttachmentPage.h in Headers */,
				816540E9123793EA008FC80F /* Comment.h in Headers */,
				816540EB123793EA008FC80F /* Document.h in Headers */,
				816540ED123793EA008FC80F /* Resolution.h in Headers */,
				816540EF123793EA008FC80F /* Signature.h in Headers */,
			);
			runOnlyForDeploymentPostprocessing = 0;
		};
/* End PBXHeadersBuildPhase section */

/* Begin PBXNativeTarget section */
		816540CA1237903A008FC80F /* DataModel */ = {
			isa = PBXNativeTarget;
			buildConfigurationList = 816540D21237903A008FC80F /* Build configuration list for PBXNativeTarget "DataModel" */;
			buildPhases = (
				816540C71237903A008FC80F /* Sources */,
				816540C81237903A008FC80F /* Frameworks */,
				816540C91237903A008FC80F /* Headers */,
			);
			buildRules = (
			);
			dependencies = (
			);
			name = DataModel;
			productName = DataModel;
			productReference = 816540CB1237903A008FC80F /* libDataModel.a */;
			productType = "com.apple.product-type.library.static";
		};
/* End PBXNativeTarget section */

/* Begin PBXProject section */
		816540BF12379039008FC80F /* Project object */ = {
			isa = PBXProject;
			buildConfigurationList = 816540C212379039008FC80F /* Build configuration list for PBXProject "DataModel" */;
			compatibilityVersion = "Xcode 3.2";
			hasScannedForEncodings = 0;
			knownRegions = (
				en,
			);
			mainGroup = 816540BD12379039008FC80F;
			productRefGroup = 816540CC1237903A008FC80F /* Products */;
			projectDirPath = "";
			projectRoot = "";
			targets = (
				816540CA1237903A008FC80F /* DataModel */,
			);
		};
/* End PBXProject section */

/* Begin PBXSourcesBuildPhase section */
		816540C71237903A008FC80F /* Sources */ = {
			isa = PBXSourcesBuildPhase;
			buildActionMask = 2147483647;
			files = (
				816540E6123793EA008FC80F /* Attachment.m in Sources */,
				816540E8123793EA008FC80F /* AttachmentPage.m in Sources */,
				816540EA123793EA008FC80F /* Comment.m in Sources */,
				816540EC123793EA008FC80F /* Document.m in Sources */,
				816540EE123793EA008FC80F /* Resolution.m in Sources */,
				816540F0123793EA008FC80F /* Signature.m in Sources */,
			);
			runOnlyForDeploymentPostprocessing = 0;
		};
/* End PBXSourcesBuildPhase section */

/* Begin XCBuildConfiguration section */
		816540D01237903A008FC80F /* Debug */ = {
			isa = XCBuildConfiguration;
			buildSettings = {
				ARCHS = "$(ARCHS_UNIVERSAL_IPHONE_OS)";
				GCC_C_LANGUAGE_STANDARD = gnu99;
				GCC_OPTIMIZATION_LEVEL = 0;
				GCC_PREPROCESSOR_DEFINITIONS = DEBUG;
				GCC_VERSION = com.apple.compilers.llvmgcc42;
				GCC_WARN_ABOUT_RETURN_TYPE = YES;
				GCC_WARN_UNUSED_VARIABLE = YES;
				IPHONEOS_DEPLOYMENT_TARGET = 3.2;
				PREBINDING = NO;
				SDKROOT = iphoneos3.2;
				TARGETED_DEVICE_FAMILY = "1,2";
			};
			name = Debug;
		};
		816540D11237903A008FC80F /* Release */ = {
			isa = XCBuildConfiguration;
			buildSettings = {
				ARCHS = "$(ARCHS_UNIVERSAL_IPHONE_OS)";
				GCC_C_LANGUAGE_STANDARD = gnu99;
				GCC_VERSION = com.apple.compilers.llvmgcc42;
				GCC_WARN_ABOUT_RETURN_TYPE = YES;
				GCC_WARN_UNUSED_VARIABLE = YES;
				IPHONEOS_DEPLOYMENT_TARGET = 3.2;
				PREBINDING = NO;
				SDKROOT = iphoneos3.2;
				TARGETED_DEVICE_FAMILY = "1,2";
			};
			name = Release;
		};
		816540D31237903A008FC80F /* Debug */ = {
			isa = XCBuildConfiguration;
			buildSettings = {
				ALWAYS_SEARCH_USER_PATHS = NO;
				DSTROOT = /tmp/DataModel.dst;
				GCC_PRECOMPILE_PREFIX_HEADER = YES;
				GCC_PREFIX_HEADER = DataModel_Prefix.pch;
				INSTALL_PATH = /usr/local/lib;
				OTHER_LDFLAGS = "-ObjC";
				PRODUCT_NAME = DataModel;
			};
			name = Debug;
		};
		816540D41237903A008FC80F /* Release */ = {
			isa = XCBuildConfiguration;
			buildSettings = {
				ALWAYS_SEARCH_USER_PATHS = NO;
				DSTROOT = /tmp/DataModel.dst;
				GCC_PRECOMPILE_PREFIX_HEADER = YES;
				GCC_PREFIX_HEADER = DataModel_Prefix.pch;
				INSTALL_PATH = /usr/local/lib;
				OTHER_LDFLAGS = "-ObjC";
				PRODUCT_NAME = DataModel;
			};
			name = Release;
		};
/* End XCBuildConfiguration section */

/* Begin XCConfigurationList section */
		816540C212379039008FC80F /* Build configuration list for PBXProject "DataModel" */ = {
			isa = XCConfigurationList;
			buildConfigurations = (
				816540D01237903A008FC80F /* Debug */,
				816540D11237903A008FC80F /* Release */,
			);
			defaultConfigurationIsVisible = 0;
			defaultConfigurationName = Release;
		};
		816540D21237903A008FC80F /* Build configuration list for PBXNativeTarget "DataModel" */ = {
			isa = XCConfigurationList;
			buildConfigurations = (
				816540D31237903A008FC80F /* Debug */,
				816540D41237903A008FC80F /* Release */,
			);
			defaultConfigurationIsVisible = 0;
			defaultConfigurationName = Release;
		};
/* End XCConfigurationList section */
	};
	rootObject = 816540BF12379039008FC80F /* Project object */;
}
